// !$*UTF8*$!
{
	archiveVersion = 1;
	classes = {
	};
	objectVersion = 50;
	objects = {

/* Begin PBXBuildFile section */
		051E317521C43E5F0067C7F3 /* FVMCarModelViewController.swift in Sources */ = {isa = PBXBuildFile; fileRef = 051E317421C43E5F0067C7F3 /* FVMCarModelViewController.swift */; };
		0535F32421C4389F00CD6C44 /* FVM.framework in Frameworks */ = {isa = PBXBuildFile; fileRef = 0535F31A21C4389F00CD6C44 /* FVM.framework */; };
		0535F32B21C4389F00CD6C44 /* FVM.h in Headers */ = {isa = PBXBuildFile; fileRef = 0535F31D21C4389F00CD6C44 /* FVM.h */; settings = {ATTRIBUTES = (Public, ); }; };
		05CDF820221034F400069640 /* PanGestureHandler.swift in Sources */ = {isa = PBXBuildFile; fileRef = 05CDF81F221034F400069640 /* PanGestureHandler.swift */; };
		BA1FBE0C220780E400DBFB9E /* MaterialProcessor.swift in Sources */ = {isa = PBXBuildFile; fileRef = BA1FBE0B220780E400DBFB9E /* MaterialProcessor.swift */; };
		BA1FBE122208CB0800DBFB9E /* MaterialProcessorTests.swift in Sources */ = {isa = PBXBuildFile; fileRef = BA1FBE112208CB0800DBFB9E /* MaterialProcessorTests.swift */; };
		BA9E20A621D58B830013E388 /* art.scnassets in Resources */ = {isa = PBXBuildFile; fileRef = BA9E20A521D58B830013E388 /* art.scnassets */; };
		BAAD17F322063F2100574F2C /* HighlightHandler.swift in Sources */ = {isa = PBXBuildFile; fileRef = BAAD17F222063F2100574F2C /* HighlightHandler.swift */; };
		BAAD17F522064B0600574F2C /* TapGestureHandler.swift in Sources */ = {isa = PBXBuildFile; fileRef = BAAD17F422064B0600574F2C /* TapGestureHandler.swift */; };
		BAAD17F722064BD600574F2C /* PinchGestureHandler.swift in Sources */ = {isa = PBXBuildFile; fileRef = BAAD17F622064BD600574F2C /* PinchGestureHandler.swift */; };
		BAF81BE22222D36A001768B0 /* ZoomConstraint.swift in Sources */ = {isa = PBXBuildFile; fileRef = BAF81BE12222D36A001768B0 /* ZoomConstraint.swift */; };
		D7B875FB2233E74900E6B09B /* HightlightHandlerMock.swift in Sources */ = {isa = PBXBuildFile; fileRef = D7B875FA2233E74900E6B09B /* HightlightHandlerMock.swift */; };
		D7B875FC2233E74900E6B09B /* HightlightHandlerMock.swift in Sources */ = {isa = PBXBuildFile; fileRef = D7B875FA2233E74900E6B09B /* HightlightHandlerMock.swift */; };
		D7BD083C2232808200D36DD4 /* DamagedPartsInitializer.swift in Sources */ = {isa = PBXBuildFile; fileRef = D7BD083B2232808200D36DD4 /* DamagedPartsInitializer.swift */; };
		D7BD08472232F91B00D36DD4 /* NodeHelper.swift in Sources */ = {isa = PBXBuildFile; fileRef = D7BD08452232F91B00D36DD4 /* NodeHelper.swift */; };
		D7BD084C2233A97400D36DD4 /* DamagedPartsServiceProtocol.swift in Sources */ = {isa = PBXBuildFile; fileRef = D7BD084B2233A97400D36DD4 /* DamagedPartsServiceProtocol.swift */; };
		D7BD08522233ACF300D36DD4 /* Selection.swift in Sources */ = {isa = PBXBuildFile; fileRef = D7BD08512233ACF300D36DD4 /* Selection.swift */; };
		D7BD08562233B44A00D36DD4 /* NodeHelperProtocol.swift in Sources */ = {isa = PBXBuildFile; fileRef = D7BD08552233B44A00D36DD4 /* NodeHelperProtocol.swift */; };
		D7C88820222702F600EB3375 /* JsonParser.swift in Sources */ = {isa = PBXBuildFile; fileRef = D7C8880E222702F600EB3375 /* JsonParser.swift */; };
		D7C88821222702F600EB3375 /* DamagedPartsNamesProviderProtocol.swift in Sources */ = {isa = PBXBuildFile; fileRef = D7C88810222702F600EB3375 /* DamagedPartsNamesProviderProtocol.swift */; };
		D7C88822222702F600EB3375 /* DamagedPartsNamesProvider.swift in Sources */ = {isa = PBXBuildFile; fileRef = D7C88811222702F600EB3375 /* DamagedPartsNamesProvider.swift */; };
		D7C88823222702F600EB3375 /* DamagedPartsRepositoryProtocol.swift in Sources */ = {isa = PBXBuildFile; fileRef = D7C88813222702F600EB3375 /* DamagedPartsRepositoryProtocol.swift */; };
		D7C88824222702F600EB3375 /* DamagedPartsRepository.swift in Sources */ = {isa = PBXBuildFile; fileRef = D7C88814222702F600EB3375 /* DamagedPartsRepository.swift */; };
		D7C88825222702F600EB3375 /* SelectionRoot.swift in Sources */ = {isa = PBXBuildFile; fileRef = D7C88816222702F600EB3375 /* SelectionRoot.swift */; };
		D7C88827222702F600EB3375 /* DamagePartsServiceFactory.swift in Sources */ = {isa = PBXBuildFile; fileRef = D7C88819222702F600EB3375 /* DamagePartsServiceFactory.swift */; };
		D7C88828222702F600EB3375 /* Validable.swift in Sources */ = {isa = PBXBuildFile; fileRef = D7C8881B222702F600EB3375 /* Validable.swift */; };
		D7C88829222702F600EB3375 /* DamagedPartsValidator.swift in Sources */ = {isa = PBXBuildFile; fileRef = D7C8881C222702F600EB3375 /* DamagedPartsValidator.swift */; };
		D7C8882B222702F600EB3375 /* DamagedPartsService.swift in Sources */ = {isa = PBXBuildFile; fileRef = D7C8881F222702F600EB3375 /* DamagedPartsService.swift */; };
		D7C888462227033200EB3375 /* DamagedParstsRepositoryTests.swift in Sources */ = {isa = PBXBuildFile; fileRef = D7C8882F2227033200EB3375 /* DamagedParstsRepositoryTests.swift */; };
		D7C888472227033200EB3375 /* DamagedPartsServiceTests.swift in Sources */ = {isa = PBXBuildFile; fileRef = D7C888312227033200EB3375 /* DamagedPartsServiceTests.swift */; };
		D7C88863222706B700EB3375 /* JsonParserTests.swift in Sources */ = {isa = PBXBuildFile; fileRef = D7C88858222706B700EB3375 /* JsonParserTests.swift */; };
		D7C88864222706B700EB3375 /* DamagePartsNamesProviderTests.swift in Sources */ = {isa = PBXBuildFile; fileRef = D7C8885A222706B700EB3375 /* DamagePartsNamesProviderTests.swift */; };
		D7C88865222706B700EB3375 /* ProviderMock.swift in Sources */ = {isa = PBXBuildFile; fileRef = D7C8885D222706B700EB3375 /* ProviderMock.swift */; };
		D7C88866222706B700EB3375 /* DamagePartsValidatorTests.swift in Sources */ = {isa = PBXBuildFile; fileRef = D7C8885E222706B700EB3375 /* DamagePartsValidatorTests.swift */; };
		D7C88867222706B700EB3375 /* ParserResources.swift in Sources */ = {isa = PBXBuildFile; fileRef = D7C88861222706B700EB3375 /* ParserResources.swift */; };
		D7C88868222706B700EB3375 /* ParserMock.swift in Sources */ = {isa = PBXBuildFile; fileRef = D7C88862222706B700EB3375 /* ParserMock.swift */; };
		D7F03005222EAAAE00D87F6A /* NodeHelperTests.swift in Sources */ = {isa = PBXBuildFile; fileRef = D7F03004222EAAAE00D87F6A /* NodeHelperTests.swift */; };
		D7F0300A222EADCD00D87F6A /* DamagedPartsInitializerProtocol.swift in Sources */ = {isa = PBXBuildFile; fileRef = D7F03009222EADCD00D87F6A /* DamagedPartsInitializerProtocol.swift */; };
		D7F0300B222EADCD00D87F6A /* DamagedPartsInitializerProtocol.swift in Sources */ = {isa = PBXBuildFile; fileRef = D7F03009222EADCD00D87F6A /* DamagedPartsInitializerProtocol.swift */; };
/* End PBXBuildFile section */

/* Begin PBXContainerItemProxy section */
		0535F32521C4389F00CD6C44 /* PBXContainerItemProxy */ = {
			isa = PBXContainerItemProxy;
			containerPortal = 0535F31121C4389F00CD6C44 /* Project object */;
			proxyType = 1;
			remoteGlobalIDString = 0535F31921C4389F00CD6C44;
			remoteInfo = FVM;
		};
/* End PBXContainerItemProxy section */

/* Begin PBXFileReference section */
		051E317421C43E5F0067C7F3 /* FVMCarModelViewController.swift */ = {isa = PBXFileReference; fileEncoding = 4; lastKnownFileType = sourcecode.swift; path = FVMCarModelViewController.swift; sourceTree = "<group>"; };
		0535F31A21C4389F00CD6C44 /* FVM.framework */ = {isa = PBXFileReference; explicitFileType = wrapper.framework; includeInIndex = 0; path = FVM.framework; sourceTree = BUILT_PRODUCTS_DIR; };
		0535F31D21C4389F00CD6C44 /* FVM.h */ = {isa = PBXFileReference; lastKnownFileType = sourcecode.c.h; path = FVM.h; sourceTree = "<group>"; };
		0535F31E21C4389F00CD6C44 /* Info.plist */ = {isa = PBXFileReference; lastKnownFileType = text.plist.xml; path = Info.plist; sourceTree = "<group>"; };
		0535F32321C4389F00CD6C44 /* FVMTests.xctest */ = {isa = PBXFileReference; explicitFileType = wrapper.cfbundle; includeInIndex = 0; path = FVMTests.xctest; sourceTree = BUILT_PRODUCTS_DIR; };
		0535F32A21C4389F00CD6C44 /* Info.plist */ = {isa = PBXFileReference; lastKnownFileType = text.plist.xml; path = Info.plist; sourceTree = "<group>"; };
		05CDF81F221034F400069640 /* PanGestureHandler.swift */ = {isa = PBXFileReference; lastKnownFileType = sourcecode.swift; path = PanGestureHandler.swift; sourceTree = "<group>"; };
		BA1FBE0B220780E400DBFB9E /* MaterialProcessor.swift */ = {isa = PBXFileReference; lastKnownFileType = sourcecode.swift; path = MaterialProcessor.swift; sourceTree = "<group>"; };
		BA1FBE112208CB0800DBFB9E /* MaterialProcessorTests.swift */ = {isa = PBXFileReference; lastKnownFileType = sourcecode.swift; path = MaterialProcessorTests.swift; sourceTree = "<group>"; };
		BA9E20A521D58B830013E388 /* art.scnassets */ = {isa = PBXFileReference; lastKnownFileType = wrapper.scnassets; path = art.scnassets; sourceTree = "<group>"; };
		BAAD17F222063F2100574F2C /* HighlightHandler.swift */ = {isa = PBXFileReference; lastKnownFileType = sourcecode.swift; path = HighlightHandler.swift; sourceTree = "<group>"; };
		BAAD17F422064B0600574F2C /* TapGestureHandler.swift */ = {isa = PBXFileReference; lastKnownFileType = sourcecode.swift; path = TapGestureHandler.swift; sourceTree = "<group>"; };
		BAAD17F622064BD600574F2C /* PinchGestureHandler.swift */ = {isa = PBXFileReference; lastKnownFileType = sourcecode.swift; path = PinchGestureHandler.swift; sourceTree = "<group>"; };
		BAF81BE12222D36A001768B0 /* ZoomConstraint.swift */ = {isa = PBXFileReference; lastKnownFileType = sourcecode.swift; path = ZoomConstraint.swift; sourceTree = "<group>"; };
		D7B875FA2233E74900E6B09B /* HightlightHandlerMock.swift */ = {isa = PBXFileReference; lastKnownFileType = sourcecode.swift; path = HightlightHandlerMock.swift; sourceTree = "<group>"; };
		D7BD083B2232808200D36DD4 /* DamagedPartsInitializer.swift */ = {isa = PBXFileReference; lastKnownFileType = sourcecode.swift; path = DamagedPartsInitializer.swift; sourceTree = "<group>"; };
		D7BD08452232F91B00D36DD4 /* NodeHelper.swift */ = {isa = PBXFileReference; fileEncoding = 4; lastKnownFileType = sourcecode.swift; path = NodeHelper.swift; sourceTree = "<group>"; };
		D7BD084B2233A97400D36DD4 /* DamagedPartsServiceProtocol.swift */ = {isa = PBXFileReference; fileEncoding = 4; lastKnownFileType = sourcecode.swift; path = DamagedPartsServiceProtocol.swift; sourceTree = "<group>"; };
		D7BD08512233ACF300D36DD4 /* Selection.swift */ = {isa = PBXFileReference; fileEncoding = 4; lastKnownFileType = sourcecode.swift; path = Selection.swift; sourceTree = "<group>"; };
		D7BD08552233B44A00D36DD4 /* NodeHelperProtocol.swift */ = {isa = PBXFileReference; fileEncoding = 4; lastKnownFileType = sourcecode.swift; path = NodeHelperProtocol.swift; sourceTree = "<group>"; };
		D7C8880E222702F600EB3375 /* JsonParser.swift */ = {isa = PBXFileReference; fileEncoding = 4; lastKnownFileType = sourcecode.swift; path = JsonParser.swift; sourceTree = "<group>"; };
		D7C88810222702F600EB3375 /* DamagedPartsNamesProviderProtocol.swift */ = {isa = PBXFileReference; fileEncoding = 4; lastKnownFileType = sourcecode.swift; path = DamagedPartsNamesProviderProtocol.swift; sourceTree = "<group>"; };
		D7C88811222702F600EB3375 /* DamagedPartsNamesProvider.swift */ = {isa = PBXFileReference; fileEncoding = 4; lastKnownFileType = sourcecode.swift; path = DamagedPartsNamesProvider.swift; sourceTree = "<group>"; };
		D7C88813222702F600EB3375 /* DamagedPartsRepositoryProtocol.swift */ = {isa = PBXFileReference; fileEncoding = 4; lastKnownFileType = sourcecode.swift; path = DamagedPartsRepositoryProtocol.swift; sourceTree = "<group>"; };
		D7C88814222702F600EB3375 /* DamagedPartsRepository.swift */ = {isa = PBXFileReference; fileEncoding = 4; lastKnownFileType = sourcecode.swift; path = DamagedPartsRepository.swift; sourceTree = "<group>"; };
		D7C88816222702F600EB3375 /* SelectionRoot.swift */ = {isa = PBXFileReference; fileEncoding = 4; lastKnownFileType = sourcecode.swift; path = SelectionRoot.swift; sourceTree = "<group>"; };
		D7C88819222702F600EB3375 /* DamagePartsServiceFactory.swift */ = {isa = PBXFileReference; fileEncoding = 4; lastKnownFileType = sourcecode.swift; path = DamagePartsServiceFactory.swift; sourceTree = "<group>"; };
		D7C8881B222702F600EB3375 /* Validable.swift */ = {isa = PBXFileReference; fileEncoding = 4; lastKnownFileType = sourcecode.swift; path = Validable.swift; sourceTree = "<group>"; };
		D7C8881C222702F600EB3375 /* DamagedPartsValidator.swift */ = {isa = PBXFileReference; fileEncoding = 4; lastKnownFileType = sourcecode.swift; path = DamagedPartsValidator.swift; sourceTree = "<group>"; };
		D7C8881F222702F600EB3375 /* DamagedPartsService.swift */ = {isa = PBXFileReference; fileEncoding = 4; lastKnownFileType = sourcecode.swift; path = DamagedPartsService.swift; sourceTree = "<group>"; };
		D7C8882F2227033200EB3375 /* DamagedParstsRepositoryTests.swift */ = {isa = PBXFileReference; fileEncoding = 4; lastKnownFileType = sourcecode.swift; path = DamagedParstsRepositoryTests.swift; sourceTree = "<group>"; };
		D7C888312227033200EB3375 /* DamagedPartsServiceTests.swift */ = {isa = PBXFileReference; fileEncoding = 4; lastKnownFileType = sourcecode.swift; path = DamagedPartsServiceTests.swift; sourceTree = "<group>"; };
		D7C88858222706B700EB3375 /* JsonParserTests.swift */ = {isa = PBXFileReference; fileEncoding = 4; lastKnownFileType = sourcecode.swift; path = JsonParserTests.swift; sourceTree = "<group>"; };
		D7C8885A222706B700EB3375 /* DamagePartsNamesProviderTests.swift */ = {isa = PBXFileReference; fileEncoding = 4; lastKnownFileType = sourcecode.swift; path = DamagePartsNamesProviderTests.swift; sourceTree = "<group>"; };
		D7C8885D222706B700EB3375 /* ProviderMock.swift */ = {isa = PBXFileReference; fileEncoding = 4; lastKnownFileType = sourcecode.swift; path = ProviderMock.swift; sourceTree = "<group>"; };
		D7C8885E222706B700EB3375 /* DamagePartsValidatorTests.swift */ = {isa = PBXFileReference; fileEncoding = 4; lastKnownFileType = sourcecode.swift; path = DamagePartsValidatorTests.swift; sourceTree = "<group>"; };
		D7C88861222706B700EB3375 /* ParserResources.swift */ = {isa = PBXFileReference; fileEncoding = 4; lastKnownFileType = sourcecode.swift; path = ParserResources.swift; sourceTree = "<group>"; };
		D7C88862222706B700EB3375 /* ParserMock.swift */ = {isa = PBXFileReference; fileEncoding = 4; lastKnownFileType = sourcecode.swift; path = ParserMock.swift; sourceTree = "<group>"; };
		D7F03004222EAAAE00D87F6A /* NodeHelperTests.swift */ = {isa = PBXFileReference; lastKnownFileType = sourcecode.swift; path = NodeHelperTests.swift; sourceTree = "<group>"; };
		D7F03009222EADCD00D87F6A /* DamagedPartsInitializerProtocol.swift */ = {isa = PBXFileReference; lastKnownFileType = sourcecode.swift; path = DamagedPartsInitializerProtocol.swift; sourceTree = "<group>"; };
/* End PBXFileReference section */

/* Begin PBXFrameworksBuildPhase section */
		0535F31721C4389F00CD6C44 /* Frameworks */ = {
			isa = PBXFrameworksBuildPhase;
			buildActionMask = 2147483647;
			files = (
			);
			runOnlyForDeploymentPostprocessing = 0;
		};
		0535F32021C4389F00CD6C44 /* Frameworks */ = {
			isa = PBXFrameworksBuildPhase;
			buildActionMask = 2147483647;
			files = (
				0535F32421C4389F00CD6C44 /* FVM.framework in Frameworks */,
			);
			runOnlyForDeploymentPostprocessing = 0;
		};
/* End PBXFrameworksBuildPhase section */

/* Begin PBXGroup section */
		0535F31021C4389F00CD6C44 = {
			isa = PBXGroup;
			children = (
				0535F31C21C4389F00CD6C44 /* Framework */,
				0535F32721C4389F00CD6C44 /* FVMTests */,
				0535F31B21C4389F00CD6C44 /* Products */,
			);
			sourceTree = "<group>";
		};
		0535F31B21C4389F00CD6C44 /* Products */ = {
			isa = PBXGroup;
			children = (
				0535F31A21C4389F00CD6C44 /* FVM.framework */,
				0535F32321C4389F00CD6C44 /* FVMTests.xctest */,
			);
			name = Products;
			sourceTree = "<group>";
		};
		0535F31C21C4389F00CD6C44 /* Framework */ = {
			isa = PBXGroup;
			children = (
				D7C8880C222702F600EB3375 /* DamagedParts */,
				051E317421C43E5F0067C7F3 /* FVMCarModelViewController.swift */,
				BA1FBE0D220780F000DBFB9E /* Highlighting */,
				BA1FBE0A22077D2800DBFB9E /* GestureHandlers */,
				0535F31D21C4389F00CD6C44 /* FVM.h */,
				0535F31E21C4389F00CD6C44 /* Info.plist */,
				BA9E20A521D58B830013E388 /* art.scnassets */,
			);
			path = Framework;
			sourceTree = "<group>";
		};
		0535F32721C4389F00CD6C44 /* FVMTests */ = {
			isa = PBXGroup;
			children = (
				D7C88856222706B700EB3375 /* DamagedParts */,
				D7C8882C2227033200EB3375 /* Integration */,
				0535F32A21C4389F00CD6C44 /* Info.plist */,
				BA1FBE112208CB0800DBFB9E /* MaterialProcessorTests.swift */,
			);
			path = FVMTests;
			sourceTree = "<group>";
		};
		687EF96A467D92EF564D78D2 /* Helpers */ = {
			isa = PBXGroup;
			children = (
				D7F03004222EAAAE00D87F6A /* NodeHelperTests.swift */,
				D7B875FA2233E74900E6B09B /* HightlightHandlerMock.swift */,
			);
			path = Helpers;
			sourceTree = "<group>";
		};
		BA1FBE0A22077D2800DBFB9E /* GestureHandlers */ = {
			isa = PBXGroup;
			children = (
				BAF81BE02222D34C001768B0 /* Constraints */,
				BAAD17F422064B0600574F2C /* TapGestureHandler.swift */,
				BAAD17F622064BD600574F2C /* PinchGestureHandler.swift */,
				05CDF81F221034F400069640 /* PanGestureHandler.swift */,
			);
			path = GestureHandlers;
			sourceTree = "<group>";
		};
		BA1FBE0D220780F000DBFB9E /* Highlighting */ = {
			isa = PBXGroup;
			children = (
				BAAD17F222063F2100574F2C /* HighlightHandler.swift */,
				BA1FBE0B220780E400DBFB9E /* MaterialProcessor.swift */,
			);
			path = Highlighting;
			sourceTree = "<group>";
		};
		BAF81BE02222D34C001768B0 /* Constraints */ = {
			isa = PBXGroup;
			children = (
				BAF81BE12222D36A001768B0 /* ZoomConstraint.swift */,
			);
			path = Constraints;
			sourceTree = "<group>";
		};
		D7B875F92233E49500E6B09B /* Helpers */ = {
			isa = PBXGroup;
			children = (
				D7BD08552233B44A00D36DD4 /* NodeHelperProtocol.swift */,
				D7BD08452232F91B00D36DD4 /* NodeHelper.swift */,
			);
			path = Helpers;
			sourceTree = "<group>";
		};
		D7C8880C222702F600EB3375 /* DamagedParts */ = {
			isa = PBXGroup;
			children = (
				D7B875F92233E49500E6B09B /* Helpers */,
				D7C8880D222702F600EB3375 /* Parsers */,
				D7C8880F222702F600EB3375 /* Providers */,
				D7C88812222702F600EB3375 /* Repositories */,
				D7C88815222702F600EB3375 /* Models */,
				D7C88818222702F600EB3375 /* Factories */,
				D7C8881A222702F600EB3375 /* Validators */,
				D7C8881D222702F600EB3375 /* Services */,
				D7BD083B2232808200D36DD4 /* DamagedPartsInitializer.swift */,
				D7F03009222EADCD00D87F6A /* DamagedPartsInitializerProtocol.swift */,
			);
			path = DamagedParts;
			sourceTree = "<group>";
		};
		D7C8880D222702F600EB3375 /* Parsers */ = {
			isa = PBXGroup;
			children = (
				D7C8880E222702F600EB3375 /* JsonParser.swift */,
			);
			path = Parsers;
			sourceTree = "<group>";
		};
		D7C8880F222702F600EB3375 /* Providers */ = {
			isa = PBXGroup;
			children = (
				D7C88810222702F600EB3375 /* DamagedPartsNamesProviderProtocol.swift */,
				D7C88811222702F600EB3375 /* DamagedPartsNamesProvider.swift */,
			);
			path = Providers;
			sourceTree = "<group>";
		};
		D7C88812222702F600EB3375 /* Repositories */ = {
			isa = PBXGroup;
			children = (
				D7C88813222702F600EB3375 /* DamagedPartsRepositoryProtocol.swift */,
				D7C88814222702F600EB3375 /* DamagedPartsRepository.swift */,
			);
			path = Repositories;
			sourceTree = "<group>";
		};
		D7C88815222702F600EB3375 /* Models */ = {
			isa = PBXGroup;
			children = (
				D7BD08512233ACF300D36DD4 /* Selection.swift */,
				D7C88816222702F600EB3375 /* SelectionRoot.swift */,
			);
			path = Models;
			sourceTree = "<group>";
		};
		D7C88818222702F600EB3375 /* Factories */ = {
			isa = PBXGroup;
			children = (
				D7C88819222702F600EB3375 /* DamagePartsServiceFactory.swift */,
			);
			path = Factories;
			sourceTree = "<group>";
		};
		D7C8881A222702F600EB3375 /* Validators */ = {
			isa = PBXGroup;
			children = (
				D7C8881B222702F600EB3375 /* Validable.swift */,
				D7C8881C222702F600EB3375 /* DamagedPartsValidator.swift */,
			);
			path = Validators;
			sourceTree = "<group>";
		};
		D7C8881D222702F600EB3375 /* Services */ = {
			isa = PBXGroup;
			children = (
				D7BD084B2233A97400D36DD4 /* DamagedPartsServiceProtocol.swift */,
				D7C8881F222702F600EB3375 /* DamagedPartsService.swift */,
			);
			path = Services;
			sourceTree = "<group>";
		};
		D7C8882C2227033200EB3375 /* Integration */ = {
			isa = PBXGroup;
			children = (
				D7C8882D2227033200EB3375 /* DemagedParts */,
			);
			path = Integration;
			sourceTree = "<group>";
		};
		D7C8882D2227033200EB3375 /* DemagedParts */ = {
			isa = PBXGroup;
			children = (
				D7C8882E2227033200EB3375 /* Repository */,
				D7C888302227033200EB3375 /* Services */,
			);
			path = DemagedParts;
			sourceTree = "<group>";
		};
		D7C8882E2227033200EB3375 /* Repository */ = {
			isa = PBXGroup;
			children = (
				D7C8882F2227033200EB3375 /* DamagedParstsRepositoryTests.swift */,
			);
			path = Repository;
			sourceTree = "<group>";
		};
		D7C888302227033200EB3375 /* Services */ = {
			isa = PBXGroup;
			children = (
				D7C888312227033200EB3375 /* DamagedPartsServiceTests.swift */,
			);
			path = Services;
			sourceTree = "<group>";
		};
		D7C88856222706B700EB3375 /* DamagedParts */ = {
			isa = PBXGroup;
			children = (
				D7C88857222706B700EB3375 /* Parsers */,
				D7C88859222706B700EB3375 /* Providers */,
				D7C8885B222706B700EB3375 /* Validators */,
				D7C8885F222706B700EB3375 /* Services */,
				687EF96A467D92EF564D78D2 /* Helpers */,
			);
			path = DamagedParts;
			sourceTree = "<group>";
		};
		D7C88857222706B700EB3375 /* Parsers */ = {
			isa = PBXGroup;
			children = (
				D7C88858222706B700EB3375 /* JsonParserTests.swift */,
			);
			path = Parsers;
			sourceTree = "<group>";
		};
		D7C88859222706B700EB3375 /* Providers */ = {
			isa = PBXGroup;
			children = (
				D7C8885A222706B700EB3375 /* DamagePartsNamesProviderTests.swift */,
			);
			path = Providers;
			sourceTree = "<group>";
		};
		D7C8885B222706B700EB3375 /* Validators */ = {
			isa = PBXGroup;
			children = (
				D7C8885C222706B700EB3375 /* Mocks */,
				D7C8885E222706B700EB3375 /* DamagePartsValidatorTests.swift */,
			);
			path = Validators;
			sourceTree = "<group>";
		};
		D7C8885C222706B700EB3375 /* Mocks */ = {
			isa = PBXGroup;
			children = (
				D7C8885D222706B700EB3375 /* ProviderMock.swift */,
			);
			path = Mocks;
			sourceTree = "<group>";
		};
		D7C8885F222706B700EB3375 /* Services */ = {
			isa = PBXGroup;
			children = (
				D7C88860222706B700EB3375 /* Mocks */,
			);
			path = Services;
			sourceTree = "<group>";
		};
		D7C88860222706B700EB3375 /* Mocks */ = {
			isa = PBXGroup;
			children = (
				D7C88861222706B700EB3375 /* ParserResources.swift */,
				D7C88862222706B700EB3375 /* ParserMock.swift */,
			);
			path = Mocks;
			sourceTree = "<group>";
		};
/* End PBXGroup section */

/* Begin PBXHeadersBuildPhase section */
		0535F31521C4389F00CD6C44 /* Headers */ = {
			isa = PBXHeadersBuildPhase;
			buildActionMask = 2147483647;
			files = (
				0535F32B21C4389F00CD6C44 /* FVM.h in Headers */,
			);
			runOnlyForDeploymentPostprocessing = 0;
		};
/* End PBXHeadersBuildPhase section */

/* Begin PBXNativeTarget section */
		0535F31921C4389F00CD6C44 /* FVM */ = {
			isa = PBXNativeTarget;
			buildConfigurationList = 0535F32E21C4389F00CD6C44 /* Build configuration list for PBXNativeTarget "FVM" */;
			buildPhases = (
				0535F31521C4389F00CD6C44 /* Headers */,
				0535F31621C4389F00CD6C44 /* Sources */,
				0535F31721C4389F00CD6C44 /* Frameworks */,
				0535F31821C4389F00CD6C44 /* Resources */,
			);
			buildRules = (
			);
			dependencies = (
			);
			name = FVM;
			productName = FVM;
			productReference = 0535F31A21C4389F00CD6C44 /* FVM.framework */;
			productType = "com.apple.product-type.framework";
		};
		0535F32221C4389F00CD6C44 /* FVMTests */ = {
			isa = PBXNativeTarget;
			buildConfigurationList = 0535F33121C4389F00CD6C44 /* Build configuration list for PBXNativeTarget "FVMTests" */;
			buildPhases = (
				0535F31F21C4389F00CD6C44 /* Sources */,
				0535F32021C4389F00CD6C44 /* Frameworks */,
				0535F32121C4389F00CD6C44 /* Resources */,
			);
			buildRules = (
			);
			dependencies = (
				0535F32621C4389F00CD6C44 /* PBXTargetDependency */,
			);
			name = FVMTests;
			productName = FVMTests;
			productReference = 0535F32321C4389F00CD6C44 /* FVMTests.xctest */;
			productType = "com.apple.product-type.bundle.unit-test";
		};
/* End PBXNativeTarget section */

/* Begin PBXProject section */
		0535F31121C4389F00CD6C44 /* Project object */ = {
			isa = PBXProject;
			attributes = {
				LastSwiftUpdateCheck = 1010;
				LastUpgradeCheck = 1010;
				ORGANIZATIONNAME = "Czajka, Kamil";
				TargetAttributes = {
					0535F31921C4389F00CD6C44 = {
						CreatedOnToolsVersion = 10.1;
						LastSwiftMigration = 1010;
					};
					0535F32221C4389F00CD6C44 = {
						CreatedOnToolsVersion = 10.1;
					};
				};
			};
			buildConfigurationList = 0535F31421C4389F00CD6C44 /* Build configuration list for PBXProject "FVM" */;
			compatibilityVersion = "Xcode 9.3";
			developmentRegion = en;
			hasScannedForEncodings = 0;
			knownRegions = (
				en,
				Base,
			);
			mainGroup = 0535F31021C4389F00CD6C44;
			productRefGroup = 0535F31B21C4389F00CD6C44 /* Products */;
			projectDirPath = "";
			projectRoot = "";
			targets = (
				0535F31921C4389F00CD6C44 /* FVM */,
				0535F32221C4389F00CD6C44 /* FVMTests */,
			);
		};
/* End PBXProject section */

/* Begin PBXResourcesBuildPhase section */
		0535F31821C4389F00CD6C44 /* Resources */ = {
			isa = PBXResourcesBuildPhase;
			buildActionMask = 2147483647;
			files = (
				BA9E20A621D58B830013E388 /* art.scnassets in Resources */,
			);
			runOnlyForDeploymentPostprocessing = 0;
		};
		0535F32121C4389F00CD6C44 /* Resources */ = {
			isa = PBXResourcesBuildPhase;
			buildActionMask = 2147483647;
			files = (
			);
			runOnlyForDeploymentPostprocessing = 0;
		};
/* End PBXResourcesBuildPhase section */

/* Begin PBXSourcesBuildPhase section */
		0535F31621C4389F00CD6C44 /* Sources */ = {
			isa = PBXSourcesBuildPhase;
			buildActionMask = 2147483647;
			files = (
				D7C88824222702F600EB3375 /* DamagedPartsRepository.swift in Sources */,
				BAAD17F522064B0600574F2C /* TapGestureHandler.swift in Sources */,
				D7B875FB2233E74900E6B09B /* HightlightHandlerMock.swift in Sources */,
				D7C88829222702F600EB3375 /* DamagedPartsValidator.swift in Sources */,
				D7BD08562233B44A00D36DD4 /* NodeHelperProtocol.swift in Sources */,
				D7BD084C2233A97400D36DD4 /* DamagedPartsServiceProtocol.swift in Sources */,
				051E317521C43E5F0067C7F3 /* FVMCarModelViewController.swift in Sources */,
				D7BD083C2232808200D36DD4 /* DamagedPartsInitializer.swift in Sources */,
				D7C8882B222702F600EB3375 /* DamagedPartsService.swift in Sources */,
				D7F0300A222EADCD00D87F6A /* DamagedPartsInitializerProtocol.swift in Sources */,
				D7BD08472232F91B00D36DD4 /* NodeHelper.swift in Sources */,
				D7C88822222702F600EB3375 /* DamagedPartsNamesProvider.swift in Sources */,
				D7C88820222702F600EB3375 /* JsonParser.swift in Sources */,
				D7C88827222702F600EB3375 /* DamagePartsServiceFactory.swift in Sources */,
				05CDF820221034F400069640 /* PanGestureHandler.swift in Sources */,
				BA1FBE0C220780E400DBFB9E /* MaterialProcessor.swift in Sources */,
				BAAD17F322063F2100574F2C /* HighlightHandler.swift in Sources */,
				D7C88823222702F600EB3375 /* DamagedPartsRepositoryProtocol.swift in Sources */,
				D7C88821222702F600EB3375 /* DamagedPartsNamesProviderProtocol.swift in Sources */,
				BAF81BE22222D36A001768B0 /* ZoomConstraint.swift in Sources */,
				BAAD17F722064BD600574F2C /* PinchGestureHandler.swift in Sources */,
				D7C88828222702F600EB3375 /* Validable.swift in Sources */,
				D7BD08522233ACF300D36DD4 /* Selection.swift in Sources */,
				D7C88825222702F600EB3375 /* SelectionRoot.swift in Sources */,
			);
			runOnlyForDeploymentPostprocessing = 0;
		};
		0535F31F21C4389F00CD6C44 /* Sources */ = {
			isa = PBXSourcesBuildPhase;
			buildActionMask = 2147483647;
			files = (
				D7C88867222706B700EB3375 /* ParserResources.swift in Sources */,
				D7F03005222EAAAE00D87F6A /* NodeHelperTests.swift in Sources */,
				D7B875FC2233E74900E6B09B /* HightlightHandlerMock.swift in Sources */,
				D7C88868222706B700EB3375 /* ParserMock.swift in Sources */,
				D7F0300B222EADCD00D87F6A /* DamagedPartsInitializerProtocol.swift in Sources */,
				D7C88865222706B700EB3375 /* ProviderMock.swift in Sources */,
				D7C888472227033200EB3375 /* DamagedPartsServiceTests.swift in Sources */,
				D7C888462227033200EB3375 /* DamagedParstsRepositoryTests.swift in Sources */,
				D7C88864222706B700EB3375 /* DamagePartsNamesProviderTests.swift in Sources */,
				D7C88863222706B700EB3375 /* JsonParserTests.swift in Sources */,
				BA1FBE122208CB0800DBFB9E /* MaterialProcessorTests.swift in Sources */,
				D7C88866222706B700EB3375 /* DamagePartsValidatorTests.swift in Sources */,
			);
			runOnlyForDeploymentPostprocessing = 0;
		};
/* End PBXSourcesBuildPhase section */

/* Begin PBXTargetDependency section */
		0535F32621C4389F00CD6C44 /* PBXTargetDependency */ = {
			isa = PBXTargetDependency;
			target = 0535F31921C4389F00CD6C44 /* FVM */;
			targetProxy = 0535F32521C4389F00CD6C44 /* PBXContainerItemProxy */;
		};
/* End PBXTargetDependency section */

/* Begin XCBuildConfiguration section */
		0535F32C21C4389F00CD6C44 /* Debug */ = {
			isa = XCBuildConfiguration;
			buildSettings = {
				ALWAYS_SEARCH_USER_PATHS = NO;
				CLANG_ANALYZER_NONNULL = YES;
				CLANG_ANALYZER_NUMBER_OBJECT_CONVERSION = YES_AGGRESSIVE;
				CLANG_CXX_LANGUAGE_STANDARD = "gnu++14";
				CLANG_CXX_LIBRARY = "libc++";
				CLANG_ENABLE_MODULES = YES;
				CLANG_ENABLE_OBJC_ARC = YES;
				CLANG_ENABLE_OBJC_WEAK = YES;
				CLANG_WARN_BLOCK_CAPTURE_AUTORELEASING = YES;
				CLANG_WARN_BOOL_CONVERSION = YES;
				CLANG_WARN_COMMA = YES;
				CLANG_WARN_CONSTANT_CONVERSION = YES;
				CLANG_WARN_DEPRECATED_OBJC_IMPLEMENTATIONS = YES;
				CLANG_WARN_DIRECT_OBJC_ISA_USAGE = YES_ERROR;
				CLANG_WARN_DOCUMENTATION_COMMENTS = YES;
				CLANG_WARN_EMPTY_BODY = YES;
				CLANG_WARN_ENUM_CONVERSION = YES;
				CLANG_WARN_INFINITE_RECURSION = YES;
				CLANG_WARN_INT_CONVERSION = YES;
				CLANG_WARN_NON_LITERAL_NULL_CONVERSION = YES;
				CLANG_WARN_OBJC_IMPLICIT_RETAIN_SELF = YES;
				CLANG_WARN_OBJC_LITERAL_CONVERSION = YES;
				CLANG_WARN_OBJC_ROOT_CLASS = YES_ERROR;
				CLANG_WARN_RANGE_LOOP_ANALYSIS = YES;
				CLANG_WARN_STRICT_PROTOTYPES = YES;
				CLANG_WARN_SUSPICIOUS_MOVE = YES;
				CLANG_WARN_UNGUARDED_AVAILABILITY = YES_AGGRESSIVE;
				CLANG_WARN_UNREACHABLE_CODE = YES;
				CLANG_WARN__DUPLICATE_METHOD_MATCH = YES;
				CODE_SIGN_IDENTITY = "iPhone Developer";
				COPY_PHASE_STRIP = NO;
				CURRENT_PROJECT_VERSION = 1;
				DEBUG_INFORMATION_FORMAT = dwarf;
				ENABLE_STRICT_OBJC_MSGSEND = YES;
				ENABLE_TESTABILITY = YES;
				GCC_C_LANGUAGE_STANDARD = gnu11;
				GCC_DYNAMIC_NO_PIC = NO;
				GCC_NO_COMMON_BLOCKS = YES;
				GCC_OPTIMIZATION_LEVEL = 0;
				GCC_PREPROCESSOR_DEFINITIONS = (
					"DEBUG=1",
					"$(inherited)",
				);
				GCC_WARN_64_TO_32_BIT_CONVERSION = YES;
				GCC_WARN_ABOUT_RETURN_TYPE = YES_ERROR;
				GCC_WARN_UNDECLARED_SELECTOR = YES;
				GCC_WARN_UNINITIALIZED_AUTOS = YES_AGGRESSIVE;
				GCC_WARN_UNUSED_FUNCTION = YES;
				GCC_WARN_UNUSED_VARIABLE = YES;
				IPHONEOS_DEPLOYMENT_TARGET = 12.1;
				MTL_ENABLE_DEBUG_INFO = INCLUDE_SOURCE;
				MTL_FAST_MATH = YES;
				ONLY_ACTIVE_ARCH = YES;
				SDKROOT = iphoneos;
				SWIFT_ACTIVE_COMPILATION_CONDITIONS = DEBUG;
				SWIFT_OPTIMIZATION_LEVEL = "-Onone";
				VERSIONING_SYSTEM = "apple-generic";
				VERSION_INFO_PREFIX = "";
			};
			name = Debug;
		};
		0535F32D21C4389F00CD6C44 /* Release */ = {
			isa = XCBuildConfiguration;
			buildSettings = {
				ALWAYS_SEARCH_USER_PATHS = NO;
				CLANG_ANALYZER_NONNULL = YES;
				CLANG_ANALYZER_NUMBER_OBJECT_CONVERSION = YES_AGGRESSIVE;
				CLANG_CXX_LANGUAGE_STANDARD = "gnu++14";
				CLANG_CXX_LIBRARY = "libc++";
				CLANG_ENABLE_MODULES = YES;
				CLANG_ENABLE_OBJC_ARC = YES;
				CLANG_ENABLE_OBJC_WEAK = YES;
				CLANG_WARN_BLOCK_CAPTURE_AUTORELEASING = YES;
				CLANG_WARN_BOOL_CONVERSION = YES;
				CLANG_WARN_COMMA = YES;
				CLANG_WARN_CONSTANT_CONVERSION = YES;
				CLANG_WARN_DEPRECATED_OBJC_IMPLEMENTATIONS = YES;
				CLANG_WARN_DIRECT_OBJC_ISA_USAGE = YES_ERROR;
				CLANG_WARN_DOCUMENTATION_COMMENTS = YES;
				CLANG_WARN_EMPTY_BODY = YES;
				CLANG_WARN_ENUM_CONVERSION = YES;
				CLANG_WARN_INFINITE_RECURSION = YES;
				CLANG_WARN_INT_CONVERSION = YES;
				CLANG_WARN_NON_LITERAL_NULL_CONVERSION = YES;
				CLANG_WARN_OBJC_IMPLICIT_RETAIN_SELF = YES;
				CLANG_WARN_OBJC_LITERAL_CONVERSION = YES;
				CLANG_WARN_OBJC_ROOT_CLASS = YES_ERROR;
				CLANG_WARN_RANGE_LOOP_ANALYSIS = YES;
				CLANG_WARN_STRICT_PROTOTYPES = YES;
				CLANG_WARN_SUSPICIOUS_MOVE = YES;
				CLANG_WARN_UNGUARDED_AVAILABILITY = YES_AGGRESSIVE;
				CLANG_WARN_UNREACHABLE_CODE = YES;
				CLANG_WARN__DUPLICATE_METHOD_MATCH = YES;
				CODE_SIGN_IDENTITY = "iPhone Developer";
				COPY_PHASE_STRIP = NO;
				CURRENT_PROJECT_VERSION = 1;
				DEBUG_INFORMATION_FORMAT = "dwarf-with-dsym";
				ENABLE_NS_ASSERTIONS = NO;
				ENABLE_STRICT_OBJC_MSGSEND = YES;
				GCC_C_LANGUAGE_STANDARD = gnu11;
				GCC_NO_COMMON_BLOCKS = YES;
				GCC_WARN_64_TO_32_BIT_CONVERSION = YES;
				GCC_WARN_ABOUT_RETURN_TYPE = YES_ERROR;
				GCC_WARN_UNDECLARED_SELECTOR = YES;
				GCC_WARN_UNINITIALIZED_AUTOS = YES_AGGRESSIVE;
				GCC_WARN_UNUSED_FUNCTION = YES;
				GCC_WARN_UNUSED_VARIABLE = YES;
				IPHONEOS_DEPLOYMENT_TARGET = 12.1;
				MTL_ENABLE_DEBUG_INFO = NO;
				MTL_FAST_MATH = YES;
				SDKROOT = iphoneos;
				SWIFT_COMPILATION_MODE = wholemodule;
				SWIFT_OPTIMIZATION_LEVEL = "-O";
				VALIDATE_PRODUCT = YES;
				VERSIONING_SYSTEM = "apple-generic";
				VERSION_INFO_PREFIX = "";
			};
			name = Release;
		};
		0535F32F21C4389F00CD6C44 /* Debug */ = {
			isa = XCBuildConfiguration;
			buildSettings = {
				CLANG_ENABLE_MODULES = YES;
				CODE_SIGN_IDENTITY = "";
				CODE_SIGN_STYLE = Automatic;
				DEFINES_MODULE = YES;
				DEVELOPMENT_TEAM = 7628KC5ZMK;
				DYLIB_COMPATIBILITY_VERSION = 1;
				DYLIB_CURRENT_VERSION = 1;
				DYLIB_INSTALL_NAME_BASE = "@rpath";
				INFOPLIST_FILE = "$(SRCROOT)/Framework/Info.plist";
				INSTALL_PATH = "$(LOCAL_LIBRARY_DIR)/Frameworks";
				IPHONEOS_DEPLOYMENT_TARGET = 10.0;
				LD_RUNPATH_SEARCH_PATHS = (
					"$(inherited)",
					"@executable_path/Frameworks",
					"@loader_path/Frameworks",
				);
				PRODUCT_BUNDLE_IDENTIFIER = com.fvm.FVM;
				PRODUCT_NAME = "$(TARGET_NAME:c99extidentifier)";
				SKIP_INSTALL = YES;
				SWIFT_OPTIMIZATION_LEVEL = "-Onone";
				SWIFT_VERSION = 4.2;
				TARGETED_DEVICE_FAMILY = "1,2";
			};
			name = Debug;
		};
		0535F33021C4389F00CD6C44 /* Release */ = {
			isa = XCBuildConfiguration;
			buildSettings = {
				CLANG_ENABLE_MODULES = YES;
				CODE_SIGN_IDENTITY = "";
				CODE_SIGN_STYLE = Automatic;
				DEFINES_MODULE = YES;
				DEVELOPMENT_TEAM = 7628KC5ZMK;
				DYLIB_COMPATIBILITY_VERSION = 1;
				DYLIB_CURRENT_VERSION = 1;
				DYLIB_INSTALL_NAME_BASE = "@rpath";
				INFOPLIST_FILE = "$(SRCROOT)/Framework/Info.plist";
				INSTALL_PATH = "$(LOCAL_LIBRARY_DIR)/Frameworks";
				IPHONEOS_DEPLOYMENT_TARGET = 10.0;
				LD_RUNPATH_SEARCH_PATHS = (
					"$(inherited)",
					"@executable_path/Frameworks",
					"@loader_path/Frameworks",
				);
				PRODUCT_BUNDLE_IDENTIFIER = com.fvm.FVM;
				PRODUCT_NAME = "$(TARGET_NAME:c99extidentifier)";
				SKIP_INSTALL = YES;
				SWIFT_VERSION = 4.2;
				TARGETED_DEVICE_FAMILY = "1,2";
			};
			name = Release;
		};
		0535F33221C4389F00CD6C44 /* Debug */ = {
			isa = XCBuildConfiguration;
			buildSettings = {
				ALWAYS_EMBED_SWIFT_STANDARD_LIBRARIES = YES;
				CODE_SIGN_STYLE = Automatic;
				DEVELOPMENT_TEAM = 7628KC5ZMK;
				INFOPLIST_FILE = FVMTests/Info.plist;
				LD_RUNPATH_SEARCH_PATHS = (
					"$(inherited)",
					"@executable_path/Frameworks",
					"@loader_path/Frameworks",
				);
				PRODUCT_BUNDLE_IDENTIFIER = com.pega.FVMTests;
				PRODUCT_NAME = "$(TARGET_NAME)";
				SWIFT_VERSION = 4.2;
				TARGETED_DEVICE_FAMILY = "1,2";
			};
			name = Debug;
		};
		0535F33321C4389F00CD6C44 /* Release */ = {
			isa = XCBuildConfiguration;
			buildSettings = {
				ALWAYS_EMBED_SWIFT_STANDARD_LIBRARIES = YES;
				CODE_SIGN_STYLE = Automatic;
				DEVELOPMENT_TEAM = 7628KC5ZMK;
				INFOPLIST_FILE = FVMTests/Info.plist;
				LD_RUNPATH_SEARCH_PATHS = (
					"$(inherited)",
					"@executable_path/Frameworks",
					"@loader_path/Frameworks",
				);
				PRODUCT_BUNDLE_IDENTIFIER = com.pega.FVMTests;
				PRODUCT_NAME = "$(TARGET_NAME)";
				SWIFT_VERSION = 4.2;
				TARGETED_DEVICE_FAMILY = "1,2";
			};
			name = Release;
		};
/* End XCBuildConfiguration section */

/* Begin XCConfigurationList section */
		0535F31421C4389F00CD6C44 /* Build configuration list for PBXProject "FVM" */ = {
			isa = XCConfigurationList;
			buildConfigurations = (
				0535F32C21C4389F00CD6C44 /* Debug */,
				0535F32D21C4389F00CD6C44 /* Release */,
			);
			defaultConfigurationIsVisible = 0;
			defaultConfigurationName = Release;
		};
		0535F32E21C4389F00CD6C44 /* Build configuration list for PBXNativeTarget "FVM" */ = {
			isa = XCConfigurationList;
			buildConfigurations = (
				0535F32F21C4389F00CD6C44 /* Debug */,
				0535F33021C4389F00CD6C44 /* Release */,
			);
			defaultConfigurationIsVisible = 0;
			defaultConfigurationName = Release;
		};
		0535F33121C4389F00CD6C44 /* Build configuration list for PBXNativeTarget "FVMTests" */ = {
			isa = XCConfigurationList;
			buildConfigurations = (
				0535F33221C4389F00CD6C44 /* Debug */,
				0535F33321C4389F00CD6C44 /* Release */,
			);
			defaultConfigurationIsVisible = 0;
			defaultConfigurationName = Release;
		};
/* End XCConfigurationList section */
	};
	rootObject = 0535F31121C4389F00CD6C44 /* Project object */;
}
