// !$*UTF8*$!
{
	archiveVersion = 1;
	classes = {
	};
	objectVersion = 50;
	objects = {

/* Begin PBXBuildFile section */
		052BF5C121C446E8009AFC40 /* Main.storyboard in Resources */ = {isa = PBXBuildFile; fileRef = 052BF5C021C446E8009AFC40 /* Main.storyboard */; };
		056E8BAE21C43ED5003EBE53 /* FVM.framework in Frameworks */ = {isa = PBXBuildFile; fileRef = 056E8BA721C43E8F003EBE53 /* FVM.framework */; settings = {ATTRIBUTES = (Required, ); }; };
		056E8BAF21C43ED5003EBE53 /* FVM.framework in Embed Frameworks */ = {isa = PBXBuildFile; fileRef = 056E8BA721C43E8F003EBE53 /* FVM.framework */; settings = {ATTRIBUTES = (CodeSignOnCopy, RemoveHeadersOnCopy, ); }; };
		0570687A223BCE2400D2A78A /* DamagedCar.storyboard in Resources */ = {isa = PBXBuildFile; fileRef = 05706879223BCE2400D2A78A /* DamagedCar.storyboard */; };
		05706887223C2DDD00D2A78A /* TextViewsInitializer.swift in Sources */ = {isa = PBXBuildFile; fileRef = 05706886223C2DDD00D2A78A /* TextViewsInitializer.swift */; };
		05E16781223EAAF200EF431E /* ResultProcessor.swift in Sources */ = {isa = PBXBuildFile; fileRef = 05E16780223EAAF200EF431E /* ResultProcessor.swift */; };
		B52DB81621BA8EEF00C6CC36 /* AppDelegate.swift in Sources */ = {isa = PBXBuildFile; fileRef = B52DB81521BA8EEF00C6CC36 /* AppDelegate.swift */; };
		B52DB81821BA8EEF00C6CC36 /* ViewController.swift in Sources */ = {isa = PBXBuildFile; fileRef = B52DB81721BA8EEF00C6CC36 /* ViewController.swift */; };
		B52DB81D21BA8EF100C6CC36 /* Assets.xcassets in Resources */ = {isa = PBXBuildFile; fileRef = B52DB81C21BA8EF100C6CC36 /* Assets.xcassets */; };
		BA60E91B2242AFBA00B5C566 /* Images.xcassets in Resources */ = {isa = PBXBuildFile; fileRef = BA60E9192242AFBA00B5C566 /* Images.xcassets */; };
		BA60E9272242CCC900B5C566 /* ResultContainer.swift in Sources */ = {isa = PBXBuildFile; fileRef = BA60E9262242CCC900B5C566 /* ResultContainer.swift */; };
		BA60E92A2246E3F100B5C566 /* SelectionRoot.swift in Sources */ = {isa = PBXBuildFile; fileRef = BA60E9292246E3F100B5C566 /* SelectionRoot.swift */; };
		BA60E92D2246E41800B5C566 /* Selection.swift in Sources */ = {isa = PBXBuildFile; fileRef = BA60E92C2246E41800B5C566 /* Selection.swift */; };
		BA60E9312247990C00B5C566 /* SelectionFormatter.swift in Sources */ = {isa = PBXBuildFile; fileRef = BA60E9302247990C00B5C566 /* SelectionFormatter.swift */; };
		BA60E9352247996800B5C566 /* SelectionFormatterProtocol.swift in Sources */ = {isa = PBXBuildFile; fileRef = BA60E9342247996800B5C566 /* SelectionFormatterProtocol.swift */; };
		BA9E20A921D591450013E388 /* art.scnassets in Resources */ = {isa = PBXBuildFile; fileRef = BA9E20A721D591450013E388 /* art.scnassets */; };
/* End PBXBuildFile section */

/* Begin PBXContainerItemProxy section */
		056E8BA621C43E8F003EBE53 /* PBXContainerItemProxy */ = {
			isa = PBXContainerItemProxy;
			containerPortal = 056E8BA121C43E8F003EBE53 /* FVM.xcodeproj */;
			proxyType = 2;
			remoteGlobalIDString = 0535F31A21C4389F00CD6C44;
			remoteInfo = FVM;
		};
		056E8BA821C43E8F003EBE53 /* PBXContainerItemProxy */ = {
			isa = PBXContainerItemProxy;
			containerPortal = 056E8BA121C43E8F003EBE53 /* FVM.xcodeproj */;
			proxyType = 2;
			remoteGlobalIDString = 0535F32321C4389F00CD6C44;
			remoteInfo = FVMTests;
		};
		056E8BB021C43ED5003EBE53 /* PBXContainerItemProxy */ = {
			isa = PBXContainerItemProxy;
			containerPortal = 056E8BA121C43E8F003EBE53 /* FVM.xcodeproj */;
			proxyType = 1;
			remoteGlobalIDString = 0535F31921C4389F00CD6C44;
			remoteInfo = FVM;
		};
/* End PBXContainerItemProxy section */

/* Begin PBXCopyFilesBuildPhase section */
		056E8BB221C43ED5003EBE53 /* Embed Frameworks */ = {
			isa = PBXCopyFilesBuildPhase;
			buildActionMask = 2147483647;
			dstPath = "";
			dstSubfolderSpec = 10;
			files = (
				056E8BAF21C43ED5003EBE53 /* FVM.framework in Embed Frameworks */,
			);
			name = "Embed Frameworks";
			runOnlyForDeploymentPostprocessing = 0;
		};
/* End PBXCopyFilesBuildPhase section */

/* Begin PBXFileReference section */
		052BF5C021C446E8009AFC40 /* Main.storyboard */ = {isa = PBXFileReference; lastKnownFileType = file.storyboard; path = Main.storyboard; sourceTree = "<group>"; };
		056E8BA121C43E8F003EBE53 /* FVM.xcodeproj */ = {isa = PBXFileReference; lastKnownFileType = "wrapper.pb-project"; name = FVM.xcodeproj; path = ../FVM/FVM.xcodeproj; sourceTree = "<group>"; };
		05706879223BCE2400D2A78A /* DamagedCar.storyboard */ = {isa = PBXFileReference; lastKnownFileType = file.storyboard; name = DamagedCar.storyboard; path = ../FVM/Framework/DamagedCar.storyboard; sourceTree = "<group>"; };
		05706886223C2DDD00D2A78A /* TextViewsInitializer.swift */ = {isa = PBXFileReference; lastKnownFileType = sourcecode.swift; path = TextViewsInitializer.swift; sourceTree = "<group>"; };
		05E16780223EAAF200EF431E /* ResultProcessor.swift */ = {isa = PBXFileReference; lastKnownFileType = sourcecode.swift; path = ResultProcessor.swift; sourceTree = "<group>"; };
		B52DB81221BA8EEF00C6CC36 /* SampleApp.app */ = {isa = PBXFileReference; explicitFileType = wrapper.application; includeInIndex = 0; path = SampleApp.app; sourceTree = BUILT_PRODUCTS_DIR; };
		B52DB81521BA8EEF00C6CC36 /* AppDelegate.swift */ = {isa = PBXFileReference; lastKnownFileType = sourcecode.swift; path = AppDelegate.swift; sourceTree = "<group>"; };
		B52DB81721BA8EEF00C6CC36 /* ViewController.swift */ = {isa = PBXFileReference; lastKnownFileType = sourcecode.swift; path = ViewController.swift; sourceTree = "<group>"; };
		B52DB81C21BA8EF100C6CC36 /* Assets.xcassets */ = {isa = PBXFileReference; lastKnownFileType = folder.assetcatalog; path = Assets.xcassets; sourceTree = "<group>"; };
		B52DB82121BA8EF100C6CC36 /* Info.plist */ = {isa = PBXFileReference; lastKnownFileType = text.plist.xml; path = Info.plist; sourceTree = "<group>"; };
		BA60E9192242AFBA00B5C566 /* Images.xcassets */ = {isa = PBXFileReference; lastKnownFileType = folder.assetcatalog; path = Images.xcassets; sourceTree = "<group>"; };
		BA60E9262242CCC900B5C566 /* ResultContainer.swift */ = {isa = PBXFileReference; fileEncoding = 4; lastKnownFileType = sourcecode.swift; path = ResultContainer.swift; sourceTree = "<group>"; };
		BA60E9292246E3F100B5C566 /* SelectionRoot.swift */ = {isa = PBXFileReference; lastKnownFileType = sourcecode.swift; path = SelectionRoot.swift; sourceTree = "<group>"; };
		BA60E92C2246E41800B5C566 /* Selection.swift */ = {isa = PBXFileReference; lastKnownFileType = sourcecode.swift; path = Selection.swift; sourceTree = "<group>"; };
		BA60E9302247990C00B5C566 /* SelectionFormatter.swift */ = {isa = PBXFileReference; lastKnownFileType = sourcecode.swift; path = SelectionFormatter.swift; sourceTree = "<group>"; };
		BA60E9342247996800B5C566 /* SelectionFormatterProtocol.swift */ = {isa = PBXFileReference; lastKnownFileType = sourcecode.swift; path = SelectionFormatterProtocol.swift; sourceTree = "<group>"; };
		BA9E20A721D591450013E388 /* art.scnassets */ = {isa = PBXFileReference; lastKnownFileType = wrapper.scnassets; name = art.scnassets; path = ../FVM/Framework/art.scnassets; sourceTree = "<group>"; };
/* End PBXFileReference section */

/* Begin PBXFrameworksBuildPhase section */
		B52DB80F21BA8EEF00C6CC36 /* Frameworks */ = {
			isa = PBXFrameworksBuildPhase;
			buildActionMask = 2147483647;
			files = (
				056E8BAE21C43ED5003EBE53 /* FVM.framework in Frameworks */,
			);
			runOnlyForDeploymentPostprocessing = 0;
		};
/* End PBXFrameworksBuildPhase section */

/* Begin PBXGroup section */
		056E8BA221C43E8F003EBE53 /* Products */ = {
			isa = PBXGroup;
			children = (
				056E8BA721C43E8F003EBE53 /* FVM.framework */,
				056E8BA921C43E8F003EBE53 /* FVMTests.xctest */,
			);
			name = Products;
			sourceTree = "<group>";
		};
		05706885223C2DC100D2A78A /* Services */ = {
			isa = PBXGroup;
			children = (
				BA60E9262242CCC900B5C566 /* ResultContainer.swift */,
				05706886223C2DDD00D2A78A /* TextViewsInitializer.swift */,
				05E16780223EAAF200EF431E /* ResultProcessor.swift */,
			);
			path = Services;
			sourceTree = "<group>";
		};
		B52DB80921BA8EEF00C6CC36 = {
			isa = PBXGroup;
			children = (
				BA60E9192242AFBA00B5C566 /* Images.xcassets */,
				05706879223BCE2400D2A78A /* DamagedCar.storyboard */,
				BA9E20A721D591450013E388 /* art.scnassets */,
				056E8BA121C43E8F003EBE53 /* FVM.xcodeproj */,
				B52DB81421BA8EEF00C6CC36 /* SampleApp */,
				B52DB81321BA8EEF00C6CC36 /* Products */,
				B52DB83021BA8F6400C6CC36 /* Frameworks */,
			);
			sourceTree = "<group>";
		};
		B52DB81321BA8EEF00C6CC36 /* Products */ = {
			isa = PBXGroup;
			children = (
				B52DB81221BA8EEF00C6CC36 /* SampleApp.app */,
			);
			name = Products;
			sourceTree = "<group>";
		};
		B52DB81421BA8EEF00C6CC36 /* SampleApp */ = {
			isa = PBXGroup;
			children = (
				BA60E9332247992400B5C566 /* Helpers */,
				BA60E92E2246E7AF00B5C566 /* Models */,
				05706885223C2DC100D2A78A /* Services */,
				B52DB81521BA8EEF00C6CC36 /* AppDelegate.swift */,
				B52DB81721BA8EEF00C6CC36 /* ViewController.swift */,
				B52DB81C21BA8EF100C6CC36 /* Assets.xcassets */,
				B52DB82121BA8EF100C6CC36 /* Info.plist */,
				052BF5C021C446E8009AFC40 /* Main.storyboard */,
			);
			path = SampleApp;
			sourceTree = "<group>";
		};
		B52DB83021BA8F6400C6CC36 /* Frameworks */ = {
			isa = PBXGroup;
			children = (
			);
			name = Frameworks;
			sourceTree = "<group>";
		};
		BA60E92E2246E7AF00B5C566 /* Models */ = {
			isa = PBXGroup;
			children = (
				BA60E9292246E3F100B5C566 /* SelectionRoot.swift */,
				BA60E92C2246E41800B5C566 /* Selection.swift */,
			);
			path = Models;
			sourceTree = "<group>";
		};
		BA60E9332247992400B5C566 /* Helpers */ = {
			isa = PBXGroup;
			children = (
				BA60E9302247990C00B5C566 /* SelectionFormatter.swift */,
				BA60E9342247996800B5C566 /* SelectionFormatterProtocol.swift */,
			);
			path = Helpers;
			sourceTree = "<group>";
		};
/* End PBXGroup section */

/* Begin PBXNativeTarget section */
		B52DB81121BA8EEF00C6CC36 /* SampleApp */ = {
			isa = PBXNativeTarget;
			buildConfigurationList = B52DB82421BA8EF100C6CC36 /* Build configuration list for PBXNativeTarget "SampleApp" */;
			buildPhases = (
				B52DB80E21BA8EEF00C6CC36 /* Sources */,
				B52DB80F21BA8EEF00C6CC36 /* Frameworks */,
				B52DB81021BA8EEF00C6CC36 /* Resources */,
				056E8BB221C43ED5003EBE53 /* Embed Frameworks */,
			);
			buildRules = (
			);
			dependencies = (
				056E8BB121C43ED5003EBE53 /* PBXTargetDependency */,
			);
			name = SampleApp;
			productName = SampleApp;
			productReference = B52DB81221BA8EEF00C6CC36 /* SampleApp.app */;
			productType = "com.apple.product-type.application";
		};
/* End PBXNativeTarget section */

/* Begin PBXProject section */
		B52DB80A21BA8EEF00C6CC36 /* Project object */ = {
			isa = PBXProject;
			attributes = {
				LastSwiftUpdateCheck = 1010;
				LastUpgradeCheck = 1010;
				ORGANIZATIONNAME = Pega;
				TargetAttributes = {
					B52DB81121BA8EEF00C6CC36 = {
						CreatedOnToolsVersion = 10.1;
					};
				};
			};
			buildConfigurationList = B52DB80D21BA8EEF00C6CC36 /* Build configuration list for PBXProject "SampleApp" */;
			compatibilityVersion = "Xcode 9.3";
			developmentRegion = en;
			hasScannedForEncodings = 0;
			knownRegions = (
				en,
				Base,
			);
			mainGroup = B52DB80921BA8EEF00C6CC36;
			productRefGroup = B52DB81321BA8EEF00C6CC36 /* Products */;
			projectDirPath = "";
			projectReferences = (
				{
					ProductGroup = 056E8BA221C43E8F003EBE53 /* Products */;
					ProjectRef = 056E8BA121C43E8F003EBE53 /* FVM.xcodeproj */;
				},
			);
			projectRoot = "";
			targets = (
				B52DB81121BA8EEF00C6CC36 /* SampleApp */,
			);
		};
/* End PBXProject section */

/* Begin PBXReferenceProxy section */
		056E8BA721C43E8F003EBE53 /* FVM.framework */ = {
			isa = PBXReferenceProxy;
			fileType = wrapper.framework;
			path = FVM.framework;
			remoteRef = 056E8BA621C43E8F003EBE53 /* PBXContainerItemProxy */;
			sourceTree = BUILT_PRODUCTS_DIR;
		};
		056E8BA921C43E8F003EBE53 /* FVMTests.xctest */ = {
			isa = PBXReferenceProxy;
			fileType = wrapper.cfbundle;
			path = FVMTests.xctest;
			remoteRef = 056E8BA821C43E8F003EBE53 /* PBXContainerItemProxy */;
			sourceTree = BUILT_PRODUCTS_DIR;
		};
/* End PBXReferenceProxy section */

/* Begin PBXResourcesBuildPhase section */
		B52DB81021BA8EEF00C6CC36 /* Resources */ = {
			isa = PBXResourcesBuildPhase;
			buildActionMask = 2147483647;
			files = (
				BA60E91B2242AFBA00B5C566 /* Images.xcassets in Resources */,
				0570687A223BCE2400D2A78A /* DamagedCar.storyboard in Resources */,
				BA9E20A921D591450013E388 /* art.scnassets in Resources */,
				052BF5C121C446E8009AFC40 /* Main.storyboard in Resources */,
				B52DB81D21BA8EF100C6CC36 /* Assets.xcassets in Resources */,
			);
			runOnlyForDeploymentPostprocessing = 0;
		};
/* End PBXResourcesBuildPhase section */

/* Begin PBXSourcesBuildPhase section */
		B52DB80E21BA8EEF00C6CC36 /* Sources */ = {
			isa = PBXSourcesBuildPhase;
			buildActionMask = 2147483647;
			files = (
				BA60E92D2246E41800B5C566 /* Selection.swift in Sources */,
				BA60E92A2246E3F100B5C566 /* SelectionRoot.swift in Sources */,
				B52DB81821BA8EEF00C6CC36 /* ViewController.swift in Sources */,
				B52DB81621BA8EEF00C6CC36 /* AppDelegate.swift in Sources */,
				05E16781223EAAF200EF431E /* ResultProcessor.swift in Sources */,
				BA60E9352247996800B5C566 /* SelectionFormatterProtocol.swift in Sources */,
				BA60E9312247990C00B5C566 /* SelectionFormatter.swift in Sources */,
				05706887223C2DDD00D2A78A /* TextViewsInitializer.swift in Sources */,
				BA60E9272242CCC900B5C566 /* ResultContainer.swift in Sources */,
			);
			runOnlyForDeploymentPostprocessing = 0;
		};
/* End PBXSourcesBuildPhase section */

/* Begin PBXTargetDependency section */
		056E8BB121C43ED5003EBE53 /* PBXTargetDependency */ = {
			isa = PBXTargetDependency;
			name = FVM;
			targetProxy = 056E8BB021C43ED5003EBE53 /* PBXContainerItemProxy */;
		};
/* End PBXTargetDependency section */

/* Begin XCBuildConfiguration section */
		B52DB82221BA8EF100C6CC36 /* Debug */ = {
			isa = XCBuildConfiguration;
			buildSettings = {
				ALWAYS_SEARCH_USER_PATHS = NO;
				CLANG_ANALYZER_NONNULL = YES;
				CLANG_ANALYZER_NUMBER_OBJECT_CONVERSION = YES_AGGRESSIVE;
				CLANG_CXX_LANGUAGE_STANDARD = "gnu++14";
				CLANG_CXX_LIBRARY = "libc++";
				CLANG_ENABLE_MODULES = YES;
				CLANG_ENABLE_OBJC_ARC = YES;
				CLANG_ENABLE_OBJC_WEAK = YES;
				CLANG_WARN_BLOCK_CAPTURE_AUTORELEASING = YES;
				CLANG_WARN_BOOL_CONVERSION = YES;
				CLANG_WARN_COMMA = YES;
				CLANG_WARN_CONSTANT_CONVERSION = YES;
				CLANG_WARN_DEPRECATED_OBJC_IMPLEMENTATIONS = YES;
				CLANG_WARN_DIRECT_OBJC_ISA_USAGE = YES_ERROR;
				CLANG_WARN_DOCUMENTATION_COMMENTS = YES;
				CLANG_WARN_EMPTY_BODY = YES;
				CLANG_WARN_ENUM_CONVERSION = YES;
				CLANG_WARN_INFINITE_RECURSION = YES;
				CLANG_WARN_INT_CONVERSION = YES;
				CLANG_WARN_NON_LITERAL_NULL_CONVERSION = YES;
				CLANG_WARN_OBJC_IMPLICIT_RETAIN_SELF = YES;
				CLANG_WARN_OBJC_LITERAL_CONVERSION = YES;
				CLANG_WARN_OBJC_ROOT_CLASS = YES_ERROR;
				CLANG_WARN_RANGE_LOOP_ANALYSIS = YES;
				CLANG_WARN_STRICT_PROTOTYPES = YES;
				CLANG_WARN_SUSPICIOUS_MOVE = YES;
				CLANG_WARN_UNGUARDED_AVAILABILITY = YES_AGGRESSIVE;
				CLANG_WARN_UNREACHABLE_CODE = YES;
				CLANG_WARN__DUPLICATE_METHOD_MATCH = YES;
				CODE_SIGN_IDENTITY = "iPhone Developer";
				COPY_PHASE_STRIP = NO;
				DEBUG_INFORMATION_FORMAT = dwarf;
				ENABLE_STRICT_OBJC_MSGSEND = YES;
				ENABLE_TESTABILITY = YES;
				GCC_C_LANGUAGE_STANDARD = gnu11;
				GCC_DYNAMIC_NO_PIC = NO;
				GCC_NO_COMMON_BLOCKS = YES;
				GCC_OPTIMIZATION_LEVEL = 0;
				GCC_PREPROCESSOR_DEFINITIONS = (
					"DEBUG=1",
					"$(inherited)",
				);
				GCC_WARN_64_TO_32_BIT_CONVERSION = YES;
				GCC_WARN_ABOUT_RETURN_TYPE = YES_ERROR;
				GCC_WARN_UNDECLARED_SELECTOR = YES;
				GCC_WARN_UNINITIALIZED_AUTOS = YES_AGGRESSIVE;
				GCC_WARN_UNUSED_FUNCTION = YES;
				GCC_WARN_UNUSED_VARIABLE = YES;
				IPHONEOS_DEPLOYMENT_TARGET = 12.1;
				MTL_ENABLE_DEBUG_INFO = INCLUDE_SOURCE;
				MTL_FAST_MATH = YES;
				ONLY_ACTIVE_ARCH = YES;
				SDKROOT = iphoneos;
				SWIFT_ACTIVE_COMPILATION_CONDITIONS = DEBUG;
				SWIFT_OPTIMIZATION_LEVEL = "-Onone";
			};
			name = Debug;
		};
		B52DB82321BA8EF100C6CC36 /* Release */ = {
			isa = XCBuildConfiguration;
			buildSettings = {
				ALWAYS_SEARCH_USER_PATHS = NO;
				CLANG_ANALYZER_NONNULL = YES;
				CLANG_ANALYZER_NUMBER_OBJECT_CONVERSION = YES_AGGRESSIVE;
				CLANG_CXX_LANGUAGE_STANDARD = "gnu++14";
				CLANG_CXX_LIBRARY = "libc++";
				CLANG_ENABLE_MODULES = YES;
				CLANG_ENABLE_OBJC_ARC = YES;
				CLANG_ENABLE_OBJC_WEAK = YES;
				CLANG_WARN_BLOCK_CAPTURE_AUTORELEASING = YES;
				CLANG_WARN_BOOL_CONVERSION = YES;
				CLANG_WARN_COMMA = YES;
				CLANG_WARN_CONSTANT_CONVERSION = YES;
				CLANG_WARN_DEPRECATED_OBJC_IMPLEMENTATIONS = YES;
				CLANG_WARN_DIRECT_OBJC_ISA_USAGE = YES_ERROR;
				CLANG_WARN_DOCUMENTATION_COMMENTS = YES;
				CLANG_WARN_EMPTY_BODY = YES;
				CLANG_WARN_ENUM_CONVERSION = YES;
				CLANG_WARN_INFINITE_RECURSION = YES;
				CLANG_WARN_INT_CONVERSION = YES;
				CLANG_WARN_NON_LITERAL_NULL_CONVERSION = YES;
				CLANG_WARN_OBJC_IMPLICIT_RETAIN_SELF = YES;
				CLANG_WARN_OBJC_LITERAL_CONVERSION = YES;
				CLANG_WARN_OBJC_ROOT_CLASS = YES_ERROR;
				CLANG_WARN_RANGE_LOOP_ANALYSIS = YES;
				CLANG_WARN_STRICT_PROTOTYPES = YES;
				CLANG_WARN_SUSPICIOUS_MOVE = YES;
				CLANG_WARN_UNGUARDED_AVAILABILITY = YES_AGGRESSIVE;
				CLANG_WARN_UNREACHABLE_CODE = YES;
				CLANG_WARN__DUPLICATE_METHOD_MATCH = YES;
				CODE_SIGN_IDENTITY = "iPhone Developer";
				COPY_PHASE_STRIP = NO;
				DEBUG_INFORMATION_FORMAT = "dwarf-with-dsym";
				ENABLE_NS_ASSERTIONS = NO;
				ENABLE_STRICT_OBJC_MSGSEND = YES;
				GCC_C_LANGUAGE_STANDARD = gnu11;
				GCC_NO_COMMON_BLOCKS = YES;
				GCC_WARN_64_TO_32_BIT_CONVERSION = YES;
				GCC_WARN_ABOUT_RETURN_TYPE = YES_ERROR;
				GCC_WARN_UNDECLARED_SELECTOR = YES;
				GCC_WARN_UNINITIALIZED_AUTOS = YES_AGGRESSIVE;
				GCC_WARN_UNUSED_FUNCTION = YES;
				GCC_WARN_UNUSED_VARIABLE = YES;
				IPHONEOS_DEPLOYMENT_TARGET = 12.1;
				MTL_ENABLE_DEBUG_INFO = NO;
				MTL_FAST_MATH = YES;
				SDKROOT = iphoneos;
				SWIFT_COMPILATION_MODE = wholemodule;
				SWIFT_OPTIMIZATION_LEVEL = "-O";
				VALIDATE_PRODUCT = YES;
			};
			name = Release;
		};
		B52DB82521BA8EF100C6CC36 /* Debug */ = {
			isa = XCBuildConfiguration;
			buildSettings = {
				ALWAYS_EMBED_SWIFT_STANDARD_LIBRARIES = YES;
				ASSETCATALOG_COMPILER_APPICON_NAME = AppIcon;
				CODE_SIGN_STYLE = Automatic;
				DEVELOPMENT_TEAM = 7628KC5ZMK;
				INFOPLIST_FILE = SampleApp/Info.plist;
				IPHONEOS_DEPLOYMENT_TARGET = 9.0;
				LD_RUNPATH_SEARCH_PATHS = (
					"$(inherited)",
					"@executable_path/Frameworks",
				);
				PRODUCT_BUNDLE_IDENTIFIER = com.pega.SampleApp;
				PRODUCT_NAME = "$(TARGET_NAME)";
				SWIFT_VERSION = 4.2;
				TARGETED_DEVICE_FAMILY = "1,2";
			};
			name = Debug;
		};
		B52DB82621BA8EF100C6CC36 /* Release */ = {
			isa = XCBuildConfiguration;
			buildSettings = {
				ALWAYS_EMBED_SWIFT_STANDARD_LIBRARIES = YES;
				ASSETCATALOG_COMPILER_APPICON_NAME = AppIcon;
				CODE_SIGN_STYLE = Automatic;
				DEVELOPMENT_TEAM = 7628KC5ZMK;
				INFOPLIST_FILE = SampleApp/Info.plist;
				IPHONEOS_DEPLOYMENT_TARGET = 9.0;
				LD_RUNPATH_SEARCH_PATHS = (
					"$(inherited)",
					"@executable_path/Frameworks",
				);
				PRODUCT_BUNDLE_IDENTIFIER = com.pega.SampleApp;
				PRODUCT_NAME = "$(TARGET_NAME)";
				SWIFT_VERSION = 4.2;
				TARGETED_DEVICE_FAMILY = "1,2";
			};
			name = Release;
		};
/* End XCBuildConfiguration section */

/* Begin XCConfigurationList section */
		B52DB80D21BA8EEF00C6CC36 /* Build configuration list for PBXProject "SampleApp" */ = {
			isa = XCConfigurationList;
			buildConfigurations = (
				B52DB82221BA8EF100C6CC36 /* Debug */,
				B52DB82321BA8EF100C6CC36 /* Release */,
			);
			defaultConfigurationIsVisible = 0;
			defaultConfigurationName = Release;
		};
		B52DB82421BA8EF100C6CC36 /* Build configuration list for PBXNativeTarget "SampleApp" */ = {
			isa = XCConfigurationList;
			buildConfigurations = (
				B52DB82521BA8EF100C6CC36 /* Debug */,
				B52DB82621BA8EF100C6CC36 /* Release */,
			);
			defaultConfigurationIsVisible = 0;
			defaultConfigurationName = Release;
		};
/* End XCConfigurationList section */
	};
	rootObject = B52DB80A21BA8EEF00C6CC36 /* Project object */;
}
