// !$*UTF8*$!
{
	archiveVersion = 1;
	classes = {
	};
	objectVersion = 50;
	objects = {

/* Begin PBXBuildFile section */
		B52DB81621BA8EEF00C6CC36 /* AppDelegate.swift in Sources */ = {isa = PBXBuildFile; fileRef = B52DB81521BA8EEF00C6CC36 /* AppDelegate.swift */; };
		B52DB81821BA8EEF00C6CC36 /* ViewController.swift in Sources */ = {isa = PBXBuildFile; fileRef = B52DB81721BA8EEF00C6CC36 /* ViewController.swift */; };
		B52DB81B21BA8EEF00C6CC36 /* Main.storyboard in Resources */ = {isa = PBXBuildFile; fileRef = B52DB81921BA8EEF00C6CC36 /* Main.storyboard */; };
		B52DB81D21BA8EF100C6CC36 /* Assets.xcassets in Resources */ = {isa = PBXBuildFile; fileRef = B52DB81C21BA8EF100C6CC36 /* Assets.xcassets */; };
		B52DB82021BA8EF100C6CC36 /* LaunchScreen.storyboard in Resources */ = {isa = PBXBuildFile; fileRef = B52DB81E21BA8EF100C6CC36 /* LaunchScreen.storyboard */; };
		B52DB83721BA8F8B00C6CC36 /* VehicleDamageModeling.framework in Frameworks */ = {isa = PBXBuildFile; fileRef = B52DB82D21BA8F5A00C6CC36 /* VehicleDamageModeling.framework */; };
		B52DB83821BA8F8B00C6CC36 /* VehicleDamageModeling.framework in Embed Frameworks */ = {isa = PBXBuildFile; fileRef = B52DB82D21BA8F5A00C6CC36 /* VehicleDamageModeling.framework */; settings = {ATTRIBUTES = (CodeSignOnCopy, RemoveHeadersOnCopy, ); }; };
/* End PBXBuildFile section */

/* Begin PBXContainerItemProxy section */
		B52DB82C21BA8F5A00C6CC36 /* PBXContainerItemProxy */ = {
			isa = PBXContainerItemProxy;
			containerPortal = B52DB82721BA8F5A00C6CC36 /* VehicleDamageModeling.xcodeproj */;
			proxyType = 2;
			remoteGlobalIDString = B52DB7E021BA8E3A00C6CC36;
			remoteInfo = VehicleDamageModeling;
		};
		B52DB82E21BA8F5A00C6CC36 /* PBXContainerItemProxy */ = {
			isa = PBXContainerItemProxy;
			containerPortal = B52DB82721BA8F5A00C6CC36 /* VehicleDamageModeling.xcodeproj */;
			proxyType = 2;
			remoteGlobalIDString = B52DB7E921BA8E3A00C6CC36;
			remoteInfo = VehicleDamageModelingTests;
		};
		B52DB83921BA8F8B00C6CC36 /* PBXContainerItemProxy */ = {
			isa = PBXContainerItemProxy;
			containerPortal = B52DB82721BA8F5A00C6CC36 /* VehicleDamageModeling.xcodeproj */;
			proxyType = 1;
			remoteGlobalIDString = B52DB7DF21BA8E3A00C6CC36;
			remoteInfo = VehicleDamageModeling;
		};
/* End PBXContainerItemProxy section */

/* Begin PBXCopyFilesBuildPhase section */
		B52DB83B21BA8F8B00C6CC36 /* Embed Frameworks */ = {
			isa = PBXCopyFilesBuildPhase;
			buildActionMask = 2147483647;
			dstPath = "";
			dstSubfolderSpec = 10;
			files = (
				B52DB83821BA8F8B00C6CC36 /* VehicleDamageModeling.framework in Embed Frameworks */,
			);
			name = "Embed Frameworks";
			runOnlyForDeploymentPostprocessing = 0;
		};
/* End PBXCopyFilesBuildPhase section */

/* Begin PBXFileReference section */
		B52DB81221BA8EEF00C6CC36 /* SampleApp.app */ = {isa = PBXFileReference; explicitFileType = wrapper.application; includeInIndex = 0; path = SampleApp.app; sourceTree = BUILT_PRODUCTS_DIR; };
		B52DB81521BA8EEF00C6CC36 /* AppDelegate.swift */ = {isa = PBXFileReference; lastKnownFileType = sourcecode.swift; path = AppDelegate.swift; sourceTree = "<group>"; };
		B52DB81721BA8EEF00C6CC36 /* ViewController.swift */ = {isa = PBXFileReference; lastKnownFileType = sourcecode.swift; path = ViewController.swift; sourceTree = "<group>"; };
		B52DB81A21BA8EEF00C6CC36 /* Base */ = {isa = PBXFileReference; lastKnownFileType = file.storyboard; name = Base; path = Base.lproj/Main.storyboard; sourceTree = "<group>"; };
		B52DB81C21BA8EF100C6CC36 /* Assets.xcassets */ = {isa = PBXFileReference; lastKnownFileType = folder.assetcatalog; path = Assets.xcassets; sourceTree = "<group>"; };
		B52DB81F21BA8EF100C6CC36 /* Base */ = {isa = PBXFileReference; lastKnownFileType = file.storyboard; name = Base; path = Base.lproj/LaunchScreen.storyboard; sourceTree = "<group>"; };
		B52DB82121BA8EF100C6CC36 /* Info.plist */ = {isa = PBXFileReference; lastKnownFileType = text.plist.xml; path = Info.plist; sourceTree = "<group>"; };
		B52DB82721BA8F5A00C6CC36 /* VehicleDamageModeling.xcodeproj */ = {isa = PBXFileReference; lastKnownFileType = "wrapper.pb-project"; name = VehicleDamageModeling.xcodeproj; path = ../VehicleDamageModeling/VehicleDamageModeling.xcodeproj; sourceTree = "<group>"; };
/* End PBXFileReference section */

/* Begin PBXFrameworksBuildPhase section */
		B52DB80F21BA8EEF00C6CC36 /* Frameworks */ = {
			isa = PBXFrameworksBuildPhase;
			buildActionMask = 2147483647;
			files = (
				B52DB83721BA8F8B00C6CC36 /* VehicleDamageModeling.framework in Frameworks */,
			);
			runOnlyForDeploymentPostprocessing = 0;
		};
/* End PBXFrameworksBuildPhase section */

/* Begin PBXGroup section */
		B52DB80921BA8EEF00C6CC36 = {
			isa = PBXGroup;
			children = (
				B52DB82721BA8F5A00C6CC36 /* VehicleDamageModeling.xcodeproj */,
				B52DB81421BA8EEF00C6CC36 /* SampleApp */,
				B52DB81321BA8EEF00C6CC36 /* Products */,
				B52DB83021BA8F6400C6CC36 /* Frameworks */,
			);
			sourceTree = "<group>";
		};
		B52DB81321BA8EEF00C6CC36 /* Products */ = {
			isa = PBXGroup;
			children = (
				B52DB81221BA8EEF00C6CC36 /* SampleApp.app */,
			);
			name = Products;
			sourceTree = "<group>";
		};
		B52DB81421BA8EEF00C6CC36 /* SampleApp */ = {
			isa = PBXGroup;
			children = (
				B52DB81521BA8EEF00C6CC36 /* AppDelegate.swift */,
				B52DB81721BA8EEF00C6CC36 /* ViewController.swift */,
				B52DB81921BA8EEF00C6CC36 /* Main.storyboard */,
				B52DB81C21BA8EF100C6CC36 /* Assets.xcassets */,
				B52DB81E21BA8EF100C6CC36 /* LaunchScreen.storyboard */,
				B52DB82121BA8EF100C6CC36 /* Info.plist */,
			);
			path = SampleApp;
			sourceTree = "<group>";
		};
		B52DB82821BA8F5A00C6CC36 /* Products */ = {
			isa = PBXGroup;
			children = (
				B52DB82D21BA8F5A00C6CC36 /* VehicleDamageModeling.framework */,
				B52DB82F21BA8F5A00C6CC36 /* VehicleDamageModelingTests.xctest */,
			);
			name = Products;
			sourceTree = "<group>";
		};
		B52DB83021BA8F6400C6CC36 /* Frameworks */ = {
			isa = PBXGroup;
			children = (
			);
			name = Frameworks;
			sourceTree = "<group>";
		};
/* End PBXGroup section */

/* Begin PBXNativeTarget section */
		B52DB81121BA8EEF00C6CC36 /* SampleApp */ = {
			isa = PBXNativeTarget;
			buildConfigurationList = B52DB82421BA8EF100C6CC36 /* Build configuration list for PBXNativeTarget "SampleApp" */;
			buildPhases = (
				B52DB80E21BA8EEF00C6CC36 /* Sources */,
				B52DB80F21BA8EEF00C6CC36 /* Frameworks */,
				B52DB81021BA8EEF00C6CC36 /* Resources */,
				B52DB83B21BA8F8B00C6CC36 /* Embed Frameworks */,
			);
			buildRules = (
			);
			dependencies = (
				B52DB83A21BA8F8B00C6CC36 /* PBXTargetDependency */,
			);
			name = SampleApp;
			productName = SampleApp;
			productReference = B52DB81221BA8EEF00C6CC36 /* SampleApp.app */;
			productType = "com.apple.product-type.application";
		};
/* End PBXNativeTarget section */

/* Begin PBXProject section */
		B52DB80A21BA8EEF00C6CC36 /* Project object */ = {
			isa = PBXProject;
			attributes = {
				LastSwiftUpdateCheck = 1010;
				LastUpgradeCheck = 1010;
				ORGANIZATIONNAME = Pega;
				TargetAttributes = {
					B52DB81121BA8EEF00C6CC36 = {
						CreatedOnToolsVersion = 10.1;
					};
				};
			};
			buildConfigurationList = B52DB80D21BA8EEF00C6CC36 /* Build configuration list for PBXProject "SampleApp" */;
			compatibilityVersion = "Xcode 9.3";
			developmentRegion = en;
			hasScannedForEncodings = 0;
			knownRegions = (
				en,
				Base,
			);
			mainGroup = B52DB80921BA8EEF00C6CC36;
			productRefGroup = B52DB81321BA8EEF00C6CC36 /* Products */;
			projectDirPath = "";
			projectReferences = (
				{
					ProductGroup = B52DB82821BA8F5A00C6CC36 /* Products */;
					ProjectRef = B52DB82721BA8F5A00C6CC36 /* VehicleDamageModeling.xcodeproj */;
				},
			);
			projectRoot = "";
			targets = (
				B52DB81121BA8EEF00C6CC36 /* SampleApp */,
			);
		};
/* End PBXProject section */

/* Begin PBXReferenceProxy section */
		B52DB82D21BA8F5A00C6CC36 /* VehicleDamageModeling.framework */ = {
			isa = PBXReferenceProxy;
			fileType = wrapper.framework;
			path = VehicleDamageModeling.framework;
			remoteRef = B52DB82C21BA8F5A00C6CC36 /* PBXContainerItemProxy */;
			sourceTree = BUILT_PRODUCTS_DIR;
		};
		B52DB82F21BA8F5A00C6CC36 /* VehicleDamageModelingTests.xctest */ = {
			isa = PBXReferenceProxy;
			fileType = wrapper.cfbundle;
			path = VehicleDamageModelingTests.xctest;
			remoteRef = B52DB82E21BA8F5A00C6CC36 /* PBXContainerItemProxy */;
			sourceTree = BUILT_PRODUCTS_DIR;
		};
/* End PBXReferenceProxy section */

/* Begin PBXResourcesBuildPhase section */
		B52DB81021BA8EEF00C6CC36 /* Resources */ = {
			isa = PBXResourcesBuildPhase;
			buildActionMask = 2147483647;
			files = (
				B52DB82021BA8EF100C6CC36 /* LaunchScreen.storyboard in Resources */,
				B52DB81D21BA8EF100C6CC36 /* Assets.xcassets in Resources */,
				B52DB81B21BA8EEF00C6CC36 /* Main.storyboard in Resources */,
			);
			runOnlyForDeploymentPostprocessing = 0;
		};
/* End PBXResourcesBuildPhase section */

/* Begin PBXSourcesBuildPhase section */
		B52DB80E21BA8EEF00C6CC36 /* Sources */ = {
			isa = PBXSourcesBuildPhase;
			buildActionMask = 2147483647;
			files = (
				B52DB81821BA8EEF00C6CC36 /* ViewController.swift in Sources */,
				B52DB81621BA8EEF00C6CC36 /* AppDelegate.swift in Sources */,
			);
			runOnlyForDeploymentPostprocessing = 0;
		};
/* End PBXSourcesBuildPhase section */

/* Begin PBXTargetDependency section */
		B52DB83A21BA8F8B00C6CC36 /* PBXTargetDependency */ = {
			isa = PBXTargetDependency;
			name = VehicleDamageModeling;
			targetProxy = B52DB83921BA8F8B00C6CC36 /* PBXContainerItemProxy */;
		};
/* End PBXTargetDependency section */

/* Begin PBXVariantGroup section */
		B52DB81921BA8EEF00C6CC36 /* Main.storyboard */ = {
			isa = PBXVariantGroup;
			children = (
				B52DB81A21BA8EEF00C6CC36 /* Base */,
			);
			name = Main.storyboard;
			sourceTree = "<group>";
		};
		B52DB81E21BA8EF100C6CC36 /* LaunchScreen.storyboard */ = {
			isa = PBXVariantGroup;
			children = (
				B52DB81F21BA8EF100C6CC36 /* Base */,
			);
			name = LaunchScreen.storyboard;
			sourceTree = "<group>";
		};
/* End PBXVariantGroup section */

/* Begin XCBuildConfiguration section */
		B52DB82221BA8EF100C6CC36 /* Debug */ = {
			isa = XCBuildConfiguration;
			buildSettings = {
				ALWAYS_SEARCH_USER_PATHS = NO;
				CLANG_ANALYZER_NONNULL = YES;
				CLANG_ANALYZER_NUMBER_OBJECT_CONVERSION = YES_AGGRESSIVE;
				CLANG_CXX_LANGUAGE_STANDARD = "gnu++14";
				CLANG_CXX_LIBRARY = "libc++";
				CLANG_ENABLE_MODULES = YES;
				CLANG_ENABLE_OBJC_ARC = YES;
				CLANG_ENABLE_OBJC_WEAK = YES;
				CLANG_WARN_BLOCK_CAPTURE_AUTORELEASING = YES;
				CLANG_WARN_BOOL_CONVERSION = YES;
				CLANG_WARN_COMMA = YES;
				CLANG_WARN_CONSTANT_CONVERSION = YES;
				CLANG_WARN_DEPRECATED_OBJC_IMPLEMENTATIONS = YES;
				CLANG_WARN_DIRECT_OBJC_ISA_USAGE = YES_ERROR;
				CLANG_WARN_DOCUMENTATION_COMMENTS = YES;
				CLANG_WARN_EMPTY_BODY = YES;
				CLANG_WARN_ENUM_CONVERSION = YES;
				CLANG_WARN_INFINITE_RECURSION = YES;
				CLANG_WARN_INT_CONVERSION = YES;
				CLANG_WARN_NON_LITERAL_NULL_CONVERSION = YES;
				CLANG_WARN_OBJC_IMPLICIT_RETAIN_SELF = YES;
				CLANG_WARN_OBJC_LITERAL_CONVERSION = YES;
				CLANG_WARN_OBJC_ROOT_CLASS = YES_ERROR;
				CLANG_WARN_RANGE_LOOP_ANALYSIS = YES;
				CLANG_WARN_STRICT_PROTOTYPES = YES;
				CLANG_WARN_SUSPICIOUS_MOVE = YES;
				CLANG_WARN_UNGUARDED_AVAILABILITY = YES_AGGRESSIVE;
				CLANG_WARN_UNREACHABLE_CODE = YES;
				CLANG_WARN__DUPLICATE_METHOD_MATCH = YES;
				CODE_SIGN_IDENTITY = "iPhone Developer";
				COPY_PHASE_STRIP = NO;
				DEBUG_INFORMATION_FORMAT = dwarf;
				ENABLE_STRICT_OBJC_MSGSEND = YES;
				ENABLE_TESTABILITY = YES;
				GCC_C_LANGUAGE_STANDARD = gnu11;
				GCC_DYNAMIC_NO_PIC = NO;
				GCC_NO_COMMON_BLOCKS = YES;
				GCC_OPTIMIZATION_LEVEL = 0;
				GCC_PREPROCESSOR_DEFINITIONS = (
					"DEBUG=1",
					"$(inherited)",
				);
				GCC_WARN_64_TO_32_BIT_CONVERSION = YES;
				GCC_WARN_ABOUT_RETURN_TYPE = YES_ERROR;
				GCC_WARN_UNDECLARED_SELECTOR = YES;
				GCC_WARN_UNINITIALIZED_AUTOS = YES_AGGRESSIVE;
				GCC_WARN_UNUSED_FUNCTION = YES;
				GCC_WARN_UNUSED_VARIABLE = YES;
				IPHONEOS_DEPLOYMENT_TARGET = 12.1;
				MTL_ENABLE_DEBUG_INFO = INCLUDE_SOURCE;
				MTL_FAST_MATH = YES;
				ONLY_ACTIVE_ARCH = YES;
				SDKROOT = iphoneos;
				SWIFT_ACTIVE_COMPILATION_CONDITIONS = DEBUG;
				SWIFT_OPTIMIZATION_LEVEL = "-Onone";
			};
			name = Debug;
		};
		B52DB82321BA8EF100C6CC36 /* Release */ = {
			isa = XCBuildConfiguration;
			buildSettings = {
				ALWAYS_SEARCH_USER_PATHS = NO;
				CLANG_ANALYZER_NONNULL = YES;
				CLANG_ANALYZER_NUMBER_OBJECT_CONVERSION = YES_AGGRESSIVE;
				CLANG_CXX_LANGUAGE_STANDARD = "gnu++14";
				CLANG_CXX_LIBRARY = "libc++";
				CLANG_ENABLE_MODULES = YES;
				CLANG_ENABLE_OBJC_ARC = YES;
				CLANG_ENABLE_OBJC_WEAK = YES;
				CLANG_WARN_BLOCK_CAPTURE_AUTORELEASING = YES;
				CLANG_WARN_BOOL_CONVERSION = YES;
				CLANG_WARN_COMMA = YES;
				CLANG_WARN_CONSTANT_CONVERSION = YES;
				CLANG_WARN_DEPRECATED_OBJC_IMPLEMENTATIONS = YES;
				CLANG_WARN_DIRECT_OBJC_ISA_USAGE = YES_ERROR;
				CLANG_WARN_DOCUMENTATION_COMMENTS = YES;
				CLANG_WARN_EMPTY_BODY = YES;
				CLANG_WARN_ENUM_CONVERSION = YES;
				CLANG_WARN_INFINITE_RECURSION = YES;
				CLANG_WARN_INT_CONVERSION = YES;
				CLANG_WARN_NON_LITERAL_NULL_CONVERSION = YES;
				CLANG_WARN_OBJC_IMPLICIT_RETAIN_SELF = YES;
				CLANG_WARN_OBJC_LITERAL_CONVERSION = YES;
				CLANG_WARN_OBJC_ROOT_CLASS = YES_ERROR;
				CLANG_WARN_RANGE_LOOP_ANALYSIS = YES;
				CLANG_WARN_STRICT_PROTOTYPES = YES;
				CLANG_WARN_SUSPICIOUS_MOVE = YES;
				CLANG_WARN_UNGUARDED_AVAILABILITY = YES_AGGRESSIVE;
				CLANG_WARN_UNREACHABLE_CODE = YES;
				CLANG_WARN__DUPLICATE_METHOD_MATCH = YES;
				CODE_SIGN_IDENTITY = "iPhone Developer";
				COPY_PHASE_STRIP = NO;
				DEBUG_INFORMATION_FORMAT = "dwarf-with-dsym";
				ENABLE_NS_ASSERTIONS = NO;
				ENABLE_STRICT_OBJC_MSGSEND = YES;
				GCC_C_LANGUAGE_STANDARD = gnu11;
				GCC_NO_COMMON_BLOCKS = YES;
				GCC_WARN_64_TO_32_BIT_CONVERSION = YES;
				GCC_WARN_ABOUT_RETURN_TYPE = YES_ERROR;
				GCC_WARN_UNDECLARED_SELECTOR = YES;
				GCC_WARN_UNINITIALIZED_AUTOS = YES_AGGRESSIVE;
				GCC_WARN_UNUSED_FUNCTION = YES;
				GCC_WARN_UNUSED_VARIABLE = YES;
				IPHONEOS_DEPLOYMENT_TARGET = 12.1;
				MTL_ENABLE_DEBUG_INFO = NO;
				MTL_FAST_MATH = YES;
				SDKROOT = iphoneos;
				SWIFT_COMPILATION_MODE = wholemodule;
				SWIFT_OPTIMIZATION_LEVEL = "-O";
				VALIDATE_PRODUCT = YES;
			};
			name = Release;
		};
		B52DB82521BA8EF100C6CC36 /* Debug */ = {
			isa = XCBuildConfiguration;
			buildSettings = {
				ALWAYS_EMBED_SWIFT_STANDARD_LIBRARIES = YES;
				ASSETCATALOG_COMPILER_APPICON_NAME = AppIcon;
				CODE_SIGN_STYLE = Automatic;
				INFOPLIST_FILE = SampleApp/Info.plist;
				IPHONEOS_DEPLOYMENT_TARGET = 10.0;
				LD_RUNPATH_SEARCH_PATHS = (
					"$(inherited)",
					"@executable_path/Frameworks",
				);
				PRODUCT_BUNDLE_IDENTIFIER = com.pega.SampleApp;
				PRODUCT_NAME = "$(TARGET_NAME)";
				SWIFT_VERSION = 4.2;
				TARGETED_DEVICE_FAMILY = "1,2";
			};
			name = Debug;
		};
		B52DB82621BA8EF100C6CC36 /* Release */ = {
			isa = XCBuildConfiguration;
			buildSettings = {
				ALWAYS_EMBED_SWIFT_STANDARD_LIBRARIES = YES;
				ASSETCATALOG_COMPILER_APPICON_NAME = AppIcon;
				CODE_SIGN_STYLE = Automatic;
				INFOPLIST_FILE = SampleApp/Info.plist;
				IPHONEOS_DEPLOYMENT_TARGET = 10.0;
				LD_RUNPATH_SEARCH_PATHS = (
					"$(inherited)",
					"@executable_path/Frameworks",
				);
				PRODUCT_BUNDLE_IDENTIFIER = com.pega.SampleApp;
				PRODUCT_NAME = "$(TARGET_NAME)";
				SWIFT_VERSION = 4.2;
				TARGETED_DEVICE_FAMILY = "1,2";
			};
			name = Release;
		};
/* End XCBuildConfiguration section */

/* Begin XCConfigurationList section */
		B52DB80D21BA8EEF00C6CC36 /* Build configuration list for PBXProject "SampleApp" */ = {
			isa = XCConfigurationList;
			buildConfigurations = (
				B52DB82221BA8EF100C6CC36 /* Debug */,
				B52DB82321BA8EF100C6CC36 /* Release */,
			);
			defaultConfigurationIsVisible = 0;
			defaultConfigurationName = Release;
		};
		B52DB82421BA8EF100C6CC36 /* Build configuration list for PBXNativeTarget "SampleApp" */ = {
			isa = XCConfigurationList;
			buildConfigurations = (
				B52DB82521BA8EF100C6CC36 /* Debug */,
				B52DB82621BA8EF100C6CC36 /* Release */,
			);
			defaultConfigurationIsVisible = 0;
			defaultConfigurationName = Release;
		};
/* End XCConfigurationList section */
	};
	rootObject = B52DB80A21BA8EEF00C6CC36 /* Project object */;
}
